
Microsoft Visual Studio Solution File, Format Version 12.00
# Visual Studio 2013
VisualStudioVersion = 12.0.30723.0
MinimumVisualStudioVersion = 10.0.40219.1
Project("{FAE04EC0-301F-11D3-BF4B-00C04F79EFBC}") = "GameServer4.5", "GameServer\GameServer4.5.csproj", "{8E328E11-8B4A-4B5D-A34A-4D58286F6A9C}"
EndProject
Project("{2150E333-8FDC-42A3-9474-1A3956D46DE8}") = "Solution Items", "Solution Items", "{D0946E0A-734B-4300-B84E-0E7CFB4F2277}"
	ProjectSection(SolutionItems) = preProject
		Solution Items\GlobalAssemblyInfo.cs = Solution Items\GlobalAssemblyInfo.cs
	EndProjectSection
EndProject
Project("{FAE04EC0-301F-11D3-BF4B-00C04F79EFBC}") = "ZyGames.Framework.Game4.5", "ZyGames.Framework.Game\ZyGames.Framework.Game4.5.csproj", "{DE7024B7-7168-4262-A250-6A21B932EC3B}"
EndProject
Project("{FAE04EC0-301F-11D3-BF4B-00C04F79EFBC}") = "ScutSecurity", "ScutSecurity\ScutSecurity.csproj", "{4086648B-06BA-40B9-B2CB-003B9DD07A45}"
EndProject
Project("{FAE04EC0-301F-11D3-BF4B-00C04F79EFBC}") = "AccountServer", "AccountServer\AccountServer.csproj", "{0CB62894-D218-44F9-A26B-CBC69BE608F7}"
EndProject
Global
	GlobalSection(SolutionConfigurationPlatforms) = preSolution
		Debug|Any CPU = Debug|Any CPU
		Debug|Mixed Platforms = Debug|Mixed Platforms
		Debug|x86 = Debug|x86
		Release|Any CPU = Release|Any CPU
		Release|Mixed Platforms = Release|Mixed Platforms
		Release|x86 = Release|x86
	EndGlobalSection
	GlobalSection(ProjectConfigurationPlatforms) = postSolution
		{8E328E11-8B4A-4B5D-A34A-4D58286F6A9C}.Debug|Any CPU.ActiveCfg = Debug|x86
		{8E328E11-8B4A-4B5D-A34A-4D58286F6A9C}.Debug|Mixed Platforms.ActiveCfg = Debug|x86
		{8E328E11-8B4A-4B5D-A34A-4D58286F6A9C}.Debug|Mixed Platforms.Build.0 = Debug|x86
		{8E328E11-8B4A-4B5D-A34A-4D58286F6A9C}.Debug|x86.ActiveCfg = Debug|x86
		{8E328E11-8B4A-4B5D-A34A-4D58286F6A9C}.Debug|x86.Build.0 = Debug|x86
		{8E328E11-8B4A-4B5D-A34A-4D58286F6A9C}.Release|Any CPU.ActiveCfg = Release|x86
		{8E328E11-8B4A-4B5D-A34A-4D58286F6A9C}.Release|Mixed Platforms.ActiveCfg = Release|x86
		{8E328E11-8B4A-4B5D-A34A-4D58286F6A9C}.Release|Mixed Platforms.Build.0 = Release|x86
		{8E328E11-8B4A-4B5D-A34A-4D58286F6A9C}.Release|x86.ActiveCfg = Release|x86
		{8E328E11-8B4A-4B5D-A34A-4D58286F6A9C}.Release|x86.Build.0 = Release|x86
		{DE7024B7-7168-4262-A250-6A21B932EC3B}.Debug|Any CPU.ActiveCfg = Debug|Any CPU
		{DE7024B7-7168-4262-A250-6A21B932EC3B}.Debug|Any CPU.Build.0 = Debug|Any CPU
		{DE7024B7-7168-4262-A250-6A21B932EC3B}.Debug|Mixed Platforms.ActiveCfg = Debug|Any CPU
		{DE7024B7-7168-4262-A250-6A21B932EC3B}.Debug|Mixed Platforms.Build.0 = Debug|Any CPU
		{DE7024B7-7168-4262-A250-6A21B932EC3B}.Debug|x86.ActiveCfg = Debug|Any CPU
		{DE7024B7-7168-4262-A250-6A21B932EC3B}.Release|Any CPU.ActiveCfg = Release|Any CPU
		{DE7024B7-7168-4262-A250-6A21B932EC3B}.Release|Any CPU.Build.0 = Release|Any CPU
		{DE7024B7-7168-4262-A250-6A21B932EC3B}.Release|Mixed Platforms.ActiveCfg = Release|Any CPU
		{DE7024B7-7168-4262-A250-6A21B932EC3B}.Release|Mixed Platforms.Build.0 = Release|Any CPU
		{DE7024B7-7168-4262-A250-6A21B932EC3B}.Release|x86.ActiveCfg = Release|Any CPU
		{4086648B-06BA-40B9-B2CB-003B9DD07A45}.Debug|Any CPU.ActiveCfg = Debug|Any CPU
		{4086648B-06BA-40B9-B2CB-003B9DD07A45}.Debug|Any CPU.Build.0 = Debug|Any CPU
		{4086648B-06BA-40B9-B2CB-003B9DD07A45}.Debug|Mixed Platforms.ActiveCfg = Debug|Any CPU
		{4086648B-06BA-40B9-B2CB-003B9DD07A45}.Debug|Mixed Platforms.Build.0 = Debug|Any CPU
		{4086648B-06BA-40B9-B2CB-003B9DD07A45}.Debug|x86.ActiveCfg = Debug|Any CPU
		{4086648B-06BA-40B9-B2CB-003B9DD07A45}.Release|Any CPU.ActiveCfg = Release|Any CPU
		{4086648B-06BA-40B9-B2CB-003B9DD07A45}.Release|Any CPU.Build.0 = Release|Any CPU
		{4086648B-06BA-40B9-B2CB-003B9DD07A45}.Release|Mixed Platforms.ActiveCfg = Release|Any CPU
		{4086648B-06BA-40B9-B2CB-003B9DD07A45}.Release|Mixed Platforms.Build.0 = Release|Any CPU
		{4086648B-06BA-40B9-B2CB-003B9DD07A45}.Release|x86.ActiveCfg = Release|Any CPU
		{0CB62894-D218-44F9-A26B-CBC69BE608F7}.Debug|Any CPU.ActiveCfg = Debug|Any CPU
		{0CB62894-D218-44F9-A26B-CBC69BE608F7}.Debug|Any CPU.Build.0 = Debug|Any CPU
		{0CB62894-D218-44F9-A26B-CBC69BE608F7}.Debug|Mixed Platforms.ActiveCfg = Debug|Any CPU
		{0CB62894-D218-44F9-A26B-CBC69BE608F7}.Debug|Mixed Platforms.Build.0 = Debug|Any CPU
		{0CB62894-D218-44F9-A26B-CBC69BE608F7}.Debug|x86.ActiveCfg = Debug|Any CPU
		{0CB62894-D218-44F9-A26B-CBC69BE608F7}.Release|Any CPU.ActiveCfg = Release|Any CPU
		{0CB62894-D218-44F9-A26B-CBC69BE608F7}.Release|Any CPU.Build.0 = Release|Any CPU
		{0CB62894-D218-44F9-A26B-CBC69BE608F7}.Release|Mixed Platforms.ActiveCfg = Release|Any CPU
		{0CB62894-D218-44F9-A26B-CBC69BE608F7}.Release|Mixed Platforms.Build.0 = Release|Any CPU
		{0CB62894-D218-44F9-A26B-CBC69BE608F7}.Release|x86.ActiveCfg = Release|Any CPU
	EndGlobalSection
	GlobalSection(SolutionProperties) = preSolution
		HideSolutionNode = FALSE
	EndGlobalSection
EndGlobal
