
Microsoft Visual Studio Solution File, Format Version 11.00
# Visual Studio 2010
Project("{FAE04EC0-301F-11D3-BF4B-00C04F79EFBC}") = "ZyGames.Framework.Game", "ZyGames.Framework.Game\ZyGames.Framework.Game.csproj", "{DE7024B7-7168-4262-A250-6A21B932EC3B}"
EndProject
Project("{FAE04EC0-301F-11D3-BF4B-00C04F79EFBC}") = "ZyGames.Framework.Game.Lang", "ZyGames.Framework.Game.Lang\ZyGames.Framework.Game.Lang.csproj", "{AEC0670E-3672-4D32-9B2A-5B1C19AB1C4D}"
EndProject
Project("{FAE04EC0-301F-11D3-BF4B-00C04F79EFBC}") = "ZyGames.Framework.Game.Contract", "ZyGames.Framework.Game.Contract\ZyGames.Framework.Game.Contract.csproj", "{DA3181DE-A93E-4510-AC96-10813E8ACBD3}"
EndProject
Project("{2150E333-8FDC-42A3-9474-1A3956D46DE8}") = "Solution Items", "Solution Items", "{1D97F3F5-F509-4A7F-BC87-FFB1F913295F}"
	ProjectSection(SolutionItems) = preProject
		Solution Items\GlobalAssemblyInfo.cs = Solution Items\GlobalAssemblyInfo.cs
	EndProjectSection
EndProject
Project("{FAE04EC0-301F-11D3-BF4B-00C04F79EFBC}") = "NetLibrary", "NetLibrary\NetLibrary.csproj", "{56DAB66A-BEB4-4CC4-9A04-53DF14DCAC4C}"
EndProject
Project("{FAE04EC0-301F-11D3-BF4B-00C04F79EFBC}") = "ProxyServer", "ProxyServer\ProxyServer.csproj", "{A3953D03-D9D0-4FDE-9722-F7B325D4739B}"
EndProject
Global
	GlobalSection(SolutionConfigurationPlatforms) = preSolution
		Debug|Any CPU = Debug|Any CPU
		Debug|Mixed Platforms = Debug|Mixed Platforms
		Debug|x86 = Debug|x86
		Release|Any CPU = Release|Any CPU
		Release|Mixed Platforms = Release|Mixed Platforms
		Release|x86 = Release|x86
	EndGlobalSection
	GlobalSection(ProjectConfigurationPlatforms) = postSolution
		{DE7024B7-7168-4262-A250-6A21B932EC3B}.Debug|Any CPU.ActiveCfg = Debug|Any CPU
		{DE7024B7-7168-4262-A250-6A21B932EC3B}.Debug|Any CPU.Build.0 = Debug|Any CPU
		{DE7024B7-7168-4262-A250-6A21B932EC3B}.Debug|Mixed Platforms.ActiveCfg = Debug|Any CPU
		{DE7024B7-7168-4262-A250-6A21B932EC3B}.Debug|Mixed Platforms.Build.0 = Debug|Any CPU
		{DE7024B7-7168-4262-A250-6A21B932EC3B}.Debug|x86.ActiveCfg = Debug|Any CPU
		{DE7024B7-7168-4262-A250-6A21B932EC3B}.Release|Any CPU.ActiveCfg = Release|Any CPU
		{DE7024B7-7168-4262-A250-6A21B932EC3B}.Release|Any CPU.Build.0 = Release|Any CPU
		{DE7024B7-7168-4262-A250-6A21B932EC3B}.Release|Mixed Platforms.ActiveCfg = Release|Any CPU
		{DE7024B7-7168-4262-A250-6A21B932EC3B}.Release|Mixed Platforms.Build.0 = Release|Any CPU
		{DE7024B7-7168-4262-A250-6A21B932EC3B}.Release|x86.ActiveCfg = Release|Any CPU
		{AEC0670E-3672-4D32-9B2A-5B1C19AB1C4D}.Debug|Any CPU.ActiveCfg = Debug|Any CPU
		{AEC0670E-3672-4D32-9B2A-5B1C19AB1C4D}.Debug|Any CPU.Build.0 = Debug|Any CPU
		{AEC0670E-3672-4D32-9B2A-5B1C19AB1C4D}.Debug|Mixed Platforms.ActiveCfg = Debug|Any CPU
		{AEC0670E-3672-4D32-9B2A-5B1C19AB1C4D}.Debug|Mixed Platforms.Build.0 = Debug|Any CPU
		{AEC0670E-3672-4D32-9B2A-5B1C19AB1C4D}.Debug|x86.ActiveCfg = Debug|Any CPU
		{AEC0670E-3672-4D32-9B2A-5B1C19AB1C4D}.Release|Any CPU.ActiveCfg = Release|Any CPU
		{AEC0670E-3672-4D32-9B2A-5B1C19AB1C4D}.Release|Any CPU.Build.0 = Release|Any CPU
		{AEC0670E-3672-4D32-9B2A-5B1C19AB1C4D}.Release|Mixed Platforms.ActiveCfg = Release|Any CPU
		{AEC0670E-3672-4D32-9B2A-5B1C19AB1C4D}.Release|Mixed Platforms.Build.0 = Release|Any CPU
		{AEC0670E-3672-4D32-9B2A-5B1C19AB1C4D}.Release|x86.ActiveCfg = Release|Any CPU
		{DA3181DE-A93E-4510-AC96-10813E8ACBD3}.Debug|Any CPU.ActiveCfg = Debug|Any CPU
		{DA3181DE-A93E-4510-AC96-10813E8ACBD3}.Debug|Any CPU.Build.0 = Debug|Any CPU
		{DA3181DE-A93E-4510-AC96-10813E8ACBD3}.Debug|Mixed Platforms.ActiveCfg = Debug|Any CPU
		{DA3181DE-A93E-4510-AC96-10813E8ACBD3}.Debug|Mixed Platforms.Build.0 = Debug|Any CPU
		{DA3181DE-A93E-4510-AC96-10813E8ACBD3}.Debug|x86.ActiveCfg = Debug|Any CPU
		{DA3181DE-A93E-4510-AC96-10813E8ACBD3}.Release|Any CPU.ActiveCfg = Release|Any CPU
		{DA3181DE-A93E-4510-AC96-10813E8ACBD3}.Release|Any CPU.Build.0 = Release|Any CPU
		{DA3181DE-A93E-4510-AC96-10813E8ACBD3}.Release|Mixed Platforms.ActiveCfg = Release|Any CPU
		{DA3181DE-A93E-4510-AC96-10813E8ACBD3}.Release|Mixed Platforms.Build.0 = Release|Any CPU
		{DA3181DE-A93E-4510-AC96-10813E8ACBD3}.Release|x86.ActiveCfg = Release|Any CPU
		{56DAB66A-BEB4-4CC4-9A04-53DF14DCAC4C}.Debug|Any CPU.ActiveCfg = Debug|Any CPU
		{56DAB66A-BEB4-4CC4-9A04-53DF14DCAC4C}.Debug|Any CPU.Build.0 = Debug|Any CPU
		{56DAB66A-BEB4-4CC4-9A04-53DF14DCAC4C}.Debug|Mixed Platforms.ActiveCfg = Debug|Any CPU
		{56DAB66A-BEB4-4CC4-9A04-53DF14DCAC4C}.Debug|Mixed Platforms.Build.0 = Debug|Any CPU
		{56DAB66A-BEB4-4CC4-9A04-53DF14DCAC4C}.Debug|x86.ActiveCfg = Debug|Any CPU
		{56DAB66A-BEB4-4CC4-9A04-53DF14DCAC4C}.Release|Any CPU.ActiveCfg = Release|Any CPU
		{56DAB66A-BEB4-4CC4-9A04-53DF14DCAC4C}.Release|Any CPU.Build.0 = Release|Any CPU
		{56DAB66A-BEB4-4CC4-9A04-53DF14DCAC4C}.Release|Mixed Platforms.ActiveCfg = Release|Any CPU
		{56DAB66A-BEB4-4CC4-9A04-53DF14DCAC4C}.Release|Mixed Platforms.Build.0 = Release|Any CPU
		{56DAB66A-BEB4-4CC4-9A04-53DF14DCAC4C}.Release|x86.ActiveCfg = Release|Any CPU
		{A3953D03-D9D0-4FDE-9722-F7B325D4739B}.Debug|Any CPU.ActiveCfg = Debug|x86
		{A3953D03-D9D0-4FDE-9722-F7B325D4739B}.Debug|Mixed Platforms.ActiveCfg = Debug|x86
		{A3953D03-D9D0-4FDE-9722-F7B325D4739B}.Debug|Mixed Platforms.Build.0 = Debug|x86
		{A3953D03-D9D0-4FDE-9722-F7B325D4739B}.Debug|x86.ActiveCfg = Debug|x86
		{A3953D03-D9D0-4FDE-9722-F7B325D4739B}.Debug|x86.Build.0 = Debug|x86
		{A3953D03-D9D0-4FDE-9722-F7B325D4739B}.Release|Any CPU.ActiveCfg = Release|x86
		{A3953D03-D9D0-4FDE-9722-F7B325D4739B}.Release|Mixed Platforms.ActiveCfg = Release|x86
		{A3953D03-D9D0-4FDE-9722-F7B325D4739B}.Release|Mixed Platforms.Build.0 = Release|x86
		{A3953D03-D9D0-4FDE-9722-F7B325D4739B}.Release|x86.ActiveCfg = Release|x86
		{A3953D03-D9D0-4FDE-9722-F7B325D4739B}.Release|x86.Build.0 = Release|x86
	EndGlobalSection
	GlobalSection(SolutionProperties) = preSolution
		HideSolutionNode = FALSE
	EndGlobalSection
EndGlobal
