
Microsoft Visual Studio Solution File, Format Version 11.00
# Visual Studio 2010
Project("{FAE04EC0-301F-11D3-BF4B-00C04F79EFBC}") = "ZyGames.Framework.Game", "ZyGames.Framework.Game\ZyGames.Framework.Game.csproj", "{DE7024B7-7168-4262-A250-6A21B932EC3B}"
EndProject
Project("{FAE04EC0-301F-11D3-BF4B-00C04F79EFBC}") = "ZyGames.Framework.Game.Lang", "ZyGames.Framework.Game.Lang\ZyGames.Framework.Game.Lang.csproj", "{AEC0670E-3672-4D32-9B2A-5B1C19AB1C4D}"
EndProject
Project("{FAE04EC0-301F-11D3-BF4B-00C04F79EFBC}") = "ZyGames.Framework.Game.Contract", "ZyGames.Framework.Game.Contract\ZyGames.Framework.Game.Contract.csproj", "{DA3181DE-A93E-4510-AC96-10813E8ACBD3}"
EndProject
Project("{FAE04EC0-301F-11D3-BF4B-00C04F79EFBC}") = "ZyGames.Framework.Game.TestConsole", "ZyGames.Framework.Game.TestConsole\ZyGames.Framework.Game.TestConsole.csproj", "{C7C63BA3-1172-4FFA-9D9C-A195D9CB02AD}"
EndProject
Project("{FAE04EC0-301F-11D3-BF4B-00C04F79EFBC}") = "Game.WebAppTest", "Game.WebAppTest\Game.WebAppTest.csproj", "{CB462E39-EC15-4EC2-B7FF-83E92AE09C5C}"
EndProject
Project("{FAE04EC0-301F-11D3-BF4B-00C04F79EFBC}") = "ZyGames.Framework.Game.SocketServer", "ZyGames.Framework.Game.SocketServer\ZyGames.Framework.Game.SocketServer.csproj", "{24C14A94-3490-4649-A763-E4F07CE214BE}"
EndProject
Project("{FAE04EC0-301F-11D3-BF4B-00C04F79EFBC}") = "ZyGames.Game.HostServer", "ZyGames.Game.HostServer\ZyGames.Game.HostServer.csproj", "{38B89DA4-2019-4EC9-8486-E57279EAC27F}"
EndProject
Project("{FAE04EC0-301F-11D3-BF4B-00C04F79EFBC}") = "ZyGames.Framework.Game.WebServer", "ZyGames.Framework.Game.WebServer\ZyGames.Framework.Game.WebServer.csproj", "{1DDE7432-34EE-42BC-B868-3DC5026FDF6D}"
EndProject
Project("{FAE04EC0-301F-11D3-BF4B-00C04F79EFBC}") = "Game.HostServerApp", "Game.HostServerApp\Game.HostServerApp.csproj", "{E939C5E1-6826-4809-B845-0EA2F94FDCAC}"
EndProject
Global
	GlobalSection(SolutionConfigurationPlatforms) = preSolution
		Debug|Any CPU = Debug|Any CPU
		Debug|Mixed Platforms = Debug|Mixed Platforms
		Debug|x86 = Debug|x86
		Release|Any CPU = Release|Any CPU
		Release|Mixed Platforms = Release|Mixed Platforms
		Release|x86 = Release|x86
	EndGlobalSection
	GlobalSection(ProjectConfigurationPlatforms) = postSolution
		{DE7024B7-7168-4262-A250-6A21B932EC3B}.Debug|Any CPU.ActiveCfg = Debug|Any CPU
		{DE7024B7-7168-4262-A250-6A21B932EC3B}.Debug|Any CPU.Build.0 = Debug|Any CPU
		{DE7024B7-7168-4262-A250-6A21B932EC3B}.Debug|Mixed Platforms.ActiveCfg = Debug|Any CPU
		{DE7024B7-7168-4262-A250-6A21B932EC3B}.Debug|Mixed Platforms.Build.0 = Debug|Any CPU
		{DE7024B7-7168-4262-A250-6A21B932EC3B}.Debug|x86.ActiveCfg = Debug|Any CPU
		{DE7024B7-7168-4262-A250-6A21B932EC3B}.Release|Any CPU.ActiveCfg = Release|Any CPU
		{DE7024B7-7168-4262-A250-6A21B932EC3B}.Release|Any CPU.Build.0 = Release|Any CPU
		{DE7024B7-7168-4262-A250-6A21B932EC3B}.Release|Mixed Platforms.ActiveCfg = Release|Any CPU
		{DE7024B7-7168-4262-A250-6A21B932EC3B}.Release|Mixed Platforms.Build.0 = Release|Any CPU
		{DE7024B7-7168-4262-A250-6A21B932EC3B}.Release|x86.ActiveCfg = Release|Any CPU
		{AEC0670E-3672-4D32-9B2A-5B1C19AB1C4D}.Debug|Any CPU.ActiveCfg = Debug|Any CPU
		{AEC0670E-3672-4D32-9B2A-5B1C19AB1C4D}.Debug|Any CPU.Build.0 = Debug|Any CPU
		{AEC0670E-3672-4D32-9B2A-5B1C19AB1C4D}.Debug|Mixed Platforms.ActiveCfg = Debug|Any CPU
		{AEC0670E-3672-4D32-9B2A-5B1C19AB1C4D}.Debug|Mixed Platforms.Build.0 = Debug|Any CPU
		{AEC0670E-3672-4D32-9B2A-5B1C19AB1C4D}.Debug|x86.ActiveCfg = Debug|Any CPU
		{AEC0670E-3672-4D32-9B2A-5B1C19AB1C4D}.Release|Any CPU.ActiveCfg = Release|Any CPU
		{AEC0670E-3672-4D32-9B2A-5B1C19AB1C4D}.Release|Any CPU.Build.0 = Release|Any CPU
		{AEC0670E-3672-4D32-9B2A-5B1C19AB1C4D}.Release|Mixed Platforms.ActiveCfg = Release|Any CPU
		{AEC0670E-3672-4D32-9B2A-5B1C19AB1C4D}.Release|Mixed Platforms.Build.0 = Release|Any CPU
		{AEC0670E-3672-4D32-9B2A-5B1C19AB1C4D}.Release|x86.ActiveCfg = Release|Any CPU
		{DA3181DE-A93E-4510-AC96-10813E8ACBD3}.Debug|Any CPU.ActiveCfg = Debug|Any CPU
		{DA3181DE-A93E-4510-AC96-10813E8ACBD3}.Debug|Any CPU.Build.0 = Debug|Any CPU
		{DA3181DE-A93E-4510-AC96-10813E8ACBD3}.Debug|Mixed Platforms.ActiveCfg = Debug|Any CPU
		{DA3181DE-A93E-4510-AC96-10813E8ACBD3}.Debug|Mixed Platforms.Build.0 = Debug|Any CPU
		{DA3181DE-A93E-4510-AC96-10813E8ACBD3}.Debug|x86.ActiveCfg = Debug|Any CPU
		{DA3181DE-A93E-4510-AC96-10813E8ACBD3}.Release|Any CPU.ActiveCfg = Release|Any CPU
		{DA3181DE-A93E-4510-AC96-10813E8ACBD3}.Release|Any CPU.Build.0 = Release|Any CPU
		{DA3181DE-A93E-4510-AC96-10813E8ACBD3}.Release|Mixed Platforms.ActiveCfg = Release|Any CPU
		{DA3181DE-A93E-4510-AC96-10813E8ACBD3}.Release|Mixed Platforms.Build.0 = Release|Any CPU
		{DA3181DE-A93E-4510-AC96-10813E8ACBD3}.Release|x86.ActiveCfg = Release|Any CPU
		{C7C63BA3-1172-4FFA-9D9C-A195D9CB02AD}.Debug|Any CPU.ActiveCfg = Debug|x86
		{C7C63BA3-1172-4FFA-9D9C-A195D9CB02AD}.Debug|Mixed Platforms.ActiveCfg = Debug|x86
		{C7C63BA3-1172-4FFA-9D9C-A195D9CB02AD}.Debug|Mixed Platforms.Build.0 = Debug|x86
		{C7C63BA3-1172-4FFA-9D9C-A195D9CB02AD}.Debug|x86.ActiveCfg = Debug|x86
		{C7C63BA3-1172-4FFA-9D9C-A195D9CB02AD}.Debug|x86.Build.0 = Debug|x86
		{C7C63BA3-1172-4FFA-9D9C-A195D9CB02AD}.Release|Any CPU.ActiveCfg = Release|x86
		{C7C63BA3-1172-4FFA-9D9C-A195D9CB02AD}.Release|Mixed Platforms.ActiveCfg = Release|x86
		{C7C63BA3-1172-4FFA-9D9C-A195D9CB02AD}.Release|Mixed Platforms.Build.0 = Release|x86
		{C7C63BA3-1172-4FFA-9D9C-A195D9CB02AD}.Release|x86.ActiveCfg = Release|x86
		{C7C63BA3-1172-4FFA-9D9C-A195D9CB02AD}.Release|x86.Build.0 = Release|x86
		{CB462E39-EC15-4EC2-B7FF-83E92AE09C5C}.Debug|Any CPU.ActiveCfg = Debug|Any CPU
		{CB462E39-EC15-4EC2-B7FF-83E92AE09C5C}.Debug|Any CPU.Build.0 = Debug|Any CPU
		{CB462E39-EC15-4EC2-B7FF-83E92AE09C5C}.Debug|Mixed Platforms.ActiveCfg = Debug|Any CPU
		{CB462E39-EC15-4EC2-B7FF-83E92AE09C5C}.Debug|Mixed Platforms.Build.0 = Debug|Any CPU
		{CB462E39-EC15-4EC2-B7FF-83E92AE09C5C}.Debug|x86.ActiveCfg = Debug|Any CPU
		{CB462E39-EC15-4EC2-B7FF-83E92AE09C5C}.Release|Any CPU.ActiveCfg = Release|Any CPU
		{CB462E39-EC15-4EC2-B7FF-83E92AE09C5C}.Release|Any CPU.Build.0 = Release|Any CPU
		{CB462E39-EC15-4EC2-B7FF-83E92AE09C5C}.Release|Mixed Platforms.ActiveCfg = Release|Any CPU
		{CB462E39-EC15-4EC2-B7FF-83E92AE09C5C}.Release|Mixed Platforms.Build.0 = Release|Any CPU
		{CB462E39-EC15-4EC2-B7FF-83E92AE09C5C}.Release|x86.ActiveCfg = Release|Any CPU
		{24C14A94-3490-4649-A763-E4F07CE214BE}.Debug|Any CPU.ActiveCfg = Debug|x86
		{24C14A94-3490-4649-A763-E4F07CE214BE}.Debug|Mixed Platforms.ActiveCfg = Debug|x86
		{24C14A94-3490-4649-A763-E4F07CE214BE}.Debug|Mixed Platforms.Build.0 = Debug|x86
		{24C14A94-3490-4649-A763-E4F07CE214BE}.Debug|x86.ActiveCfg = Debug|x86
		{24C14A94-3490-4649-A763-E4F07CE214BE}.Debug|x86.Build.0 = Debug|x86
		{24C14A94-3490-4649-A763-E4F07CE214BE}.Release|Any CPU.ActiveCfg = Release|x86
		{24C14A94-3490-4649-A763-E4F07CE214BE}.Release|Mixed Platforms.ActiveCfg = Release|x86
		{24C14A94-3490-4649-A763-E4F07CE214BE}.Release|Mixed Platforms.Build.0 = Release|x86
		{24C14A94-3490-4649-A763-E4F07CE214BE}.Release|x86.ActiveCfg = Release|x86
		{24C14A94-3490-4649-A763-E4F07CE214BE}.Release|x86.Build.0 = Release|x86
		{38B89DA4-2019-4EC9-8486-E57279EAC27F}.Debug|Any CPU.ActiveCfg = Debug|x86
		{38B89DA4-2019-4EC9-8486-E57279EAC27F}.Debug|Mixed Platforms.ActiveCfg = Debug|x86
		{38B89DA4-2019-4EC9-8486-E57279EAC27F}.Debug|Mixed Platforms.Build.0 = Debug|x86
		{38B89DA4-2019-4EC9-8486-E57279EAC27F}.Debug|x86.ActiveCfg = Debug|x86
		{38B89DA4-2019-4EC9-8486-E57279EAC27F}.Debug|x86.Build.0 = Debug|x86
		{38B89DA4-2019-4EC9-8486-E57279EAC27F}.Release|Any CPU.ActiveCfg = Release|x86
		{38B89DA4-2019-4EC9-8486-E57279EAC27F}.Release|Mixed Platforms.ActiveCfg = Release|x86
		{38B89DA4-2019-4EC9-8486-E57279EAC27F}.Release|Mixed Platforms.Build.0 = Release|x86
		{38B89DA4-2019-4EC9-8486-E57279EAC27F}.Release|x86.ActiveCfg = Release|x86
		{38B89DA4-2019-4EC9-8486-E57279EAC27F}.Release|x86.Build.0 = Release|x86
		{1DDE7432-34EE-42BC-B868-3DC5026FDF6D}.Debug|Any CPU.ActiveCfg = Debug|Any CPU
		{1DDE7432-34EE-42BC-B868-3DC5026FDF6D}.Debug|Any CPU.Build.0 = Debug|Any CPU
		{1DDE7432-34EE-42BC-B868-3DC5026FDF6D}.Debug|Mixed Platforms.ActiveCfg = Debug|Any CPU
		{1DDE7432-34EE-42BC-B868-3DC5026FDF6D}.Debug|Mixed Platforms.Build.0 = Debug|Any CPU
		{1DDE7432-34EE-42BC-B868-3DC5026FDF6D}.Debug|x86.ActiveCfg = Debug|Any CPU
		{1DDE7432-34EE-42BC-B868-3DC5026FDF6D}.Release|Any CPU.ActiveCfg = Release|Any CPU
		{1DDE7432-34EE-42BC-B868-3DC5026FDF6D}.Release|Any CPU.Build.0 = Release|Any CPU
		{1DDE7432-34EE-42BC-B868-3DC5026FDF6D}.Release|Mixed Platforms.ActiveCfg = Release|Any CPU
		{1DDE7432-34EE-42BC-B868-3DC5026FDF6D}.Release|Mixed Platforms.Build.0 = Release|Any CPU
		{1DDE7432-34EE-42BC-B868-3DC5026FDF6D}.Release|x86.ActiveCfg = Release|Any CPU
		{E939C5E1-6826-4809-B845-0EA2F94FDCAC}.Debug|Any CPU.ActiveCfg = Debug|x86
		{E939C5E1-6826-4809-B845-0EA2F94FDCAC}.Debug|Mixed Platforms.ActiveCfg = Debug|x86
		{E939C5E1-6826-4809-B845-0EA2F94FDCAC}.Debug|Mixed Platforms.Build.0 = Debug|x86
		{E939C5E1-6826-4809-B845-0EA2F94FDCAC}.Debug|x86.ActiveCfg = Debug|x86
		{E939C5E1-6826-4809-B845-0EA2F94FDCAC}.Debug|x86.Build.0 = Debug|x86
		{E939C5E1-6826-4809-B845-0EA2F94FDCAC}.Release|Any CPU.ActiveCfg = Release|x86
		{E939C5E1-6826-4809-B845-0EA2F94FDCAC}.Release|Mixed Platforms.ActiveCfg = Release|x86
		{E939C5E1-6826-4809-B845-0EA2F94FDCAC}.Release|Mixed Platforms.Build.0 = Release|x86
		{E939C5E1-6826-4809-B845-0EA2F94FDCAC}.Release|x86.ActiveCfg = Release|x86
		{E939C5E1-6826-4809-B845-0EA2F94FDCAC}.Release|x86.Build.0 = Release|x86
	EndGlobalSection
	GlobalSection(SolutionProperties) = preSolution
		HideSolutionNode = FALSE
	EndGlobalSection
EndGlobal
