
Microsoft Visual Studio Solution File, Format Version 12.00
# Visual Studio 2013
VisualStudioVersion = 12.0.30723.0
MinimumVisualStudioVersion = 10.0.40219.1
Project("{2150E333-8FDC-42A3-9474-1A3956D46DE8}") = "Solution Items", "Solution Items", "{D0946E0A-734B-4300-B84E-0E7CFB4F2277}"
	ProjectSection(SolutionItems) = preProject
		Solution Items\GlobalAssemblyInfo.cs = Solution Items\GlobalAssemblyInfo.cs
	EndProjectSection
EndProject
Project("{2150E333-8FDC-42A3-9474-1A3956D46DE8}") = "Framework", "Framework", "{1293D8FF-169A-4BCD-B0B9-6F571DEC2542}"
EndProject
Project("{FAE04EC0-301F-11D3-BF4B-00C04F79EFBC}") = "ZyGames.Framework.Common4.6", "..\Framework\ZyGames.Framework.Common\ZyGames.Framework.Common4.6.csproj", "{804086EB-A0CB-46D1-AD08-0C0AF2340105}"
EndProject
Project("{FAE04EC0-301F-11D3-BF4B-00C04F79EFBC}") = "ZyGames.Framework4.6", "..\Framework\ZyGames.Framework\ZyGames.Framework4.6.csproj", "{94DEAEB2-A690-4296-9EFC-8614C6B35636}"
EndProject
Project("{FAE04EC0-301F-11D3-BF4B-00C04F79EFBC}") = "ZyGames.Framework.Game4.6", "ZyGames.Framework.Game\ZyGames.Framework.Game4.6.csproj", "{8CC9377F-0876-44B0-AABD-79BAAB093888}"
EndProject
Project("{FAE04EC0-301F-11D3-BF4B-00C04F79EFBC}") = "ScutSecurity", "ScutSecurity\ScutSecurity.csproj", "{4086648B-06BA-40B9-B2CB-003B9DD07A45}"
EndProject
Project("{FAE04EC0-301F-11D3-BF4B-00C04F79EFBC}") = "GameServer4.6", "GameServer\GameServer4.6.csproj", "{E93BB8F1-CADC-4A0D-9AF0-F0885C2F26F2}"
EndProject
Global
	GlobalSection(SolutionConfigurationPlatforms) = preSolution
		Debug|Any CPU = Debug|Any CPU
		Debug|Mixed Platforms = Debug|Mixed Platforms
		Debug|x86 = Debug|x86
		Release|Any CPU = Release|Any CPU
		Release|Mixed Platforms = Release|Mixed Platforms
		Release|x86 = Release|x86
	EndGlobalSection
	GlobalSection(ProjectConfigurationPlatforms) = postSolution
		{804086EB-A0CB-46D1-AD08-0C0AF2340105}.Debug|Any CPU.ActiveCfg = Debug|Any CPU
		{804086EB-A0CB-46D1-AD08-0C0AF2340105}.Debug|Any CPU.Build.0 = Debug|Any CPU
		{804086EB-A0CB-46D1-AD08-0C0AF2340105}.Debug|Mixed Platforms.ActiveCfg = Debug|Any CPU
		{804086EB-A0CB-46D1-AD08-0C0AF2340105}.Debug|Mixed Platforms.Build.0 = Debug|Any CPU
		{804086EB-A0CB-46D1-AD08-0C0AF2340105}.Debug|x86.ActiveCfg = Debug|Any CPU
		{804086EB-A0CB-46D1-AD08-0C0AF2340105}.Release|Any CPU.ActiveCfg = Release|Any CPU
		{804086EB-A0CB-46D1-AD08-0C0AF2340105}.Release|Any CPU.Build.0 = Release|Any CPU
		{804086EB-A0CB-46D1-AD08-0C0AF2340105}.Release|Mixed Platforms.ActiveCfg = Release|Any CPU
		{804086EB-A0CB-46D1-AD08-0C0AF2340105}.Release|Mixed Platforms.Build.0 = Release|Any CPU
		{804086EB-A0CB-46D1-AD08-0C0AF2340105}.Release|x86.ActiveCfg = Release|Any CPU
		{94DEAEB2-A690-4296-9EFC-8614C6B35636}.Debug|Any CPU.ActiveCfg = Debug|Any CPU
		{94DEAEB2-A690-4296-9EFC-8614C6B35636}.Debug|Any CPU.Build.0 = Debug|Any CPU
		{94DEAEB2-A690-4296-9EFC-8614C6B35636}.Debug|Mixed Platforms.ActiveCfg = Debug|Any CPU
		{94DEAEB2-A690-4296-9EFC-8614C6B35636}.Debug|Mixed Platforms.Build.0 = Debug|Any CPU
		{94DEAEB2-A690-4296-9EFC-8614C6B35636}.Debug|x86.ActiveCfg = Debug|Any CPU
		{94DEAEB2-A690-4296-9EFC-8614C6B35636}.Release|Any CPU.ActiveCfg = Release|Any CPU
		{94DEAEB2-A690-4296-9EFC-8614C6B35636}.Release|Any CPU.Build.0 = Release|Any CPU
		{94DEAEB2-A690-4296-9EFC-8614C6B35636}.Release|Mixed Platforms.ActiveCfg = Release|Any CPU
		{94DEAEB2-A690-4296-9EFC-8614C6B35636}.Release|Mixed Platforms.Build.0 = Release|Any CPU
		{94DEAEB2-A690-4296-9EFC-8614C6B35636}.Release|x86.ActiveCfg = Release|Any CPU
		{8CC9377F-0876-44B0-AABD-79BAAB093888}.Debug|Any CPU.ActiveCfg = Debug|Any CPU
		{8CC9377F-0876-44B0-AABD-79BAAB093888}.Debug|Any CPU.Build.0 = Debug|Any CPU
		{8CC9377F-0876-44B0-AABD-79BAAB093888}.Debug|Mixed Platforms.ActiveCfg = Debug|Any CPU
		{8CC9377F-0876-44B0-AABD-79BAAB093888}.Debug|Mixed Platforms.Build.0 = Debug|Any CPU
		{8CC9377F-0876-44B0-AABD-79BAAB093888}.Debug|x86.ActiveCfg = Debug|Any CPU
		{8CC9377F-0876-44B0-AABD-79BAAB093888}.Release|Any CPU.ActiveCfg = Release|Any CPU
		{8CC9377F-0876-44B0-AABD-79BAAB093888}.Release|Any CPU.Build.0 = Release|Any CPU
		{8CC9377F-0876-44B0-AABD-79BAAB093888}.Release|Mixed Platforms.ActiveCfg = Release|Any CPU
		{8CC9377F-0876-44B0-AABD-79BAAB093888}.Release|Mixed Platforms.Build.0 = Release|Any CPU
		{8CC9377F-0876-44B0-AABD-79BAAB093888}.Release|x86.ActiveCfg = Release|Any CPU
		{4086648B-06BA-40B9-B2CB-003B9DD07A45}.Debug|Any CPU.ActiveCfg = Debug|Any CPU
		{4086648B-06BA-40B9-B2CB-003B9DD07A45}.Debug|Any CPU.Build.0 = Debug|Any CPU
		{4086648B-06BA-40B9-B2CB-003B9DD07A45}.Debug|Mixed Platforms.ActiveCfg = Debug|Any CPU
		{4086648B-06BA-40B9-B2CB-003B9DD07A45}.Debug|Mixed Platforms.Build.0 = Debug|Any CPU
		{4086648B-06BA-40B9-B2CB-003B9DD07A45}.Debug|x86.ActiveCfg = Debug|Any CPU
		{4086648B-06BA-40B9-B2CB-003B9DD07A45}.Release|Any CPU.ActiveCfg = Release|Any CPU
		{4086648B-06BA-40B9-B2CB-003B9DD07A45}.Release|Any CPU.Build.0 = Release|Any CPU
		{4086648B-06BA-40B9-B2CB-003B9DD07A45}.Release|Mixed Platforms.ActiveCfg = Release|Any CPU
		{4086648B-06BA-40B9-B2CB-003B9DD07A45}.Release|Mixed Platforms.Build.0 = Release|Any CPU
		{4086648B-06BA-40B9-B2CB-003B9DD07A45}.Release|x86.ActiveCfg = Release|Any CPU
		{E93BB8F1-CADC-4A0D-9AF0-F0885C2F26F2}.Debug|Any CPU.ActiveCfg = Debug|Any CPU
		{E93BB8F1-CADC-4A0D-9AF0-F0885C2F26F2}.Debug|Any CPU.Build.0 = Debug|Any CPU
		{E93BB8F1-CADC-4A0D-9AF0-F0885C2F26F2}.Debug|Mixed Platforms.ActiveCfg = Debug|Any CPU
		{E93BB8F1-CADC-4A0D-9AF0-F0885C2F26F2}.Debug|Mixed Platforms.Build.0 = Debug|Any CPU
		{E93BB8F1-CADC-4A0D-9AF0-F0885C2F26F2}.Debug|x86.ActiveCfg = Debug|Any CPU
		{E93BB8F1-CADC-4A0D-9AF0-F0885C2F26F2}.Release|Any CPU.ActiveCfg = Release|Any CPU
		{E93BB8F1-CADC-4A0D-9AF0-F0885C2F26F2}.Release|Any CPU.Build.0 = Release|Any CPU
		{E93BB8F1-CADC-4A0D-9AF0-F0885C2F26F2}.Release|Mixed Platforms.ActiveCfg = Release|Any CPU
		{E93BB8F1-CADC-4A0D-9AF0-F0885C2F26F2}.Release|Mixed Platforms.Build.0 = Release|Any CPU
		{E93BB8F1-CADC-4A0D-9AF0-F0885C2F26F2}.Release|x86.ActiveCfg = Release|Any CPU
	EndGlobalSection
	GlobalSection(SolutionProperties) = preSolution
		HideSolutionNode = FALSE
	EndGlobalSection
	GlobalSection(NestedProjects) = preSolution
		{804086EB-A0CB-46D1-AD08-0C0AF2340105} = {1293D8FF-169A-4BCD-B0B9-6F571DEC2542}
		{94DEAEB2-A690-4296-9EFC-8614C6B35636} = {1293D8FF-169A-4BCD-B0B9-6F571DEC2542}
	EndGlobalSection
EndGlobal
