
Microsoft Visual Studio Solution File, Format Version 11.00
# Visual Studio 2010
Project("{2150E333-8FDC-42A3-9474-1A3956D46DE8}") = "ZyGames.Tianjiexing", "ZyGames.Tianjiexing", "{78116A50-711B-437A-95C1-1CB449B0A19F}"
EndProject
Project("{FAE04EC0-301F-11D3-BF4B-00C04F79EFBC}") = "ZyGames.Tianjiexing.BLL", "ZyGames.Tianjiexing.BLL\ZyGames.Tianjiexing.BLL.csproj", "{F9C97C93-DFE4-4113-85C2-AEEE72925429}"
EndProject
Project("{FAE04EC0-301F-11D3-BF4B-00C04F79EFBC}") = "ZyGames.Tianjiexing.Model", "ZyGames.Tianjiexing.Model\ZyGames.Tianjiexing.Model.csproj", "{17329E98-8177-408F-8FF5-6D77028EB6E4}"
EndProject
Project("{FAE04EC0-301F-11D3-BF4B-00C04F79EFBC}") = "ZyGames.Tianjiexing.BLL.Combat", "ZyGames.Tianjiexing.BLL.Combat\ZyGames.Tianjiexing.BLL.Combat.csproj", "{C6555DEE-AE75-4301-A2E5-C13E3C89950D}"
EndProject
Project("{FAE04EC0-301F-11D3-BF4B-00C04F79EFBC}") = "ZyGames.Tianjiexing.BLL.GM", "ZyGames.Tianjiexing.BLL.GM\ZyGames.Tianjiexing.BLL.GM.csproj", "{8B3BFBEE-41A9-4D82-B6EA-A069565C7F94}"
EndProject
Project("{FAE04EC0-301F-11D3-BF4B-00C04F79EFBC}") = "ZyGames.Tianjiexing.Lang", "ZyGames.Tianjiexing.Lang\ZyGames.Tianjiexing.Lang.csproj", "{6B943882-3FC0-4E82-8128-0B2AEF865DDC}"
EndProject
Project("{FAE04EC0-301F-11D3-BF4B-00C04F79EFBC}") = "ZyGames.Tianjiexing.Component", "ZyGames.Tianjiexing.Component\ZyGames.Tianjiexing.Component.csproj", "{30B3A3D7-F15D-4061-9041-CDB980F3AF04}"
EndProject
Project("{FAE04EC0-301F-11D3-BF4B-00C04F79EFBC}") = "ZyGames.Tianjiexing.Server", "ZyGames.Tianjiexing.Server\ZyGames.Tianjiexing.Server.csproj", "{8034EE0C-97B5-491D-85A8-193BABC462A4}"
EndProject
Project("{2150E333-8FDC-42A3-9474-1A3956D46DE8}") = "Solution Items", "Solution Items", "{EEAA895B-C58C-42D5-81AC-D58CE321CEB8}"
	ProjectSection(SolutionItems) = preProject
		Solution Items\GlobalAssemblyInfo.cs = Solution Items\GlobalAssemblyInfo.cs
	EndProjectSection
EndProject
Global
	GlobalSection(SolutionConfigurationPlatforms) = preSolution
		Debug|Any CPU = Debug|Any CPU
		Debug|Mixed Platforms = Debug|Mixed Platforms
		Debug|x86 = Debug|x86
		Release|Any CPU = Release|Any CPU
		Release|Mixed Platforms = Release|Mixed Platforms
		Release|x86 = Release|x86
	EndGlobalSection
	GlobalSection(ProjectConfigurationPlatforms) = postSolution
		{17329E98-8177-408F-8FF5-6D77028EB6E4}.Debug|Any CPU.ActiveCfg = Debug|Any CPU
		{17329E98-8177-408F-8FF5-6D77028EB6E4}.Debug|Any CPU.Build.0 = Debug|Any CPU
		{17329E98-8177-408F-8FF5-6D77028EB6E4}.Debug|Mixed Platforms.ActiveCfg = Debug|Any CPU
		{17329E98-8177-408F-8FF5-6D77028EB6E4}.Debug|Mixed Platforms.Build.0 = Debug|Any CPU
		{17329E98-8177-408F-8FF5-6D77028EB6E4}.Debug|x86.ActiveCfg = Debug|Any CPU
		{17329E98-8177-408F-8FF5-6D77028EB6E4}.Release|Any CPU.ActiveCfg = Release|Any CPU
		{17329E98-8177-408F-8FF5-6D77028EB6E4}.Release|Any CPU.Build.0 = Release|Any CPU
		{17329E98-8177-408F-8FF5-6D77028EB6E4}.Release|Mixed Platforms.ActiveCfg = Release|Any CPU
		{17329E98-8177-408F-8FF5-6D77028EB6E4}.Release|Mixed Platforms.Build.0 = Release|Any CPU
		{17329E98-8177-408F-8FF5-6D77028EB6E4}.Release|x86.ActiveCfg = Release|Any CPU
		{30B3A3D7-F15D-4061-9041-CDB980F3AF04}.Debug|Any CPU.ActiveCfg = Debug|Any CPU
		{30B3A3D7-F15D-4061-9041-CDB980F3AF04}.Debug|Any CPU.Build.0 = Debug|Any CPU
		{30B3A3D7-F15D-4061-9041-CDB980F3AF04}.Debug|Mixed Platforms.ActiveCfg = Debug|Any CPU
		{30B3A3D7-F15D-4061-9041-CDB980F3AF04}.Debug|Mixed Platforms.Build.0 = Debug|Any CPU
		{30B3A3D7-F15D-4061-9041-CDB980F3AF04}.Debug|x86.ActiveCfg = Debug|Any CPU
		{30B3A3D7-F15D-4061-9041-CDB980F3AF04}.Release|Any CPU.ActiveCfg = Release|Any CPU
		{30B3A3D7-F15D-4061-9041-CDB980F3AF04}.Release|Any CPU.Build.0 = Release|Any CPU
		{30B3A3D7-F15D-4061-9041-CDB980F3AF04}.Release|Mixed Platforms.ActiveCfg = Release|Any CPU
		{30B3A3D7-F15D-4061-9041-CDB980F3AF04}.Release|Mixed Platforms.Build.0 = Release|Any CPU
		{30B3A3D7-F15D-4061-9041-CDB980F3AF04}.Release|x86.ActiveCfg = Release|Any CPU
		{6B943882-3FC0-4E82-8128-0B2AEF865DDC}.Debug|Any CPU.ActiveCfg = Debug|Any CPU
		{6B943882-3FC0-4E82-8128-0B2AEF865DDC}.Debug|Any CPU.Build.0 = Debug|Any CPU
		{6B943882-3FC0-4E82-8128-0B2AEF865DDC}.Debug|Mixed Platforms.ActiveCfg = Debug|Any CPU
		{6B943882-3FC0-4E82-8128-0B2AEF865DDC}.Debug|Mixed Platforms.Build.0 = Debug|Any CPU
		{6B943882-3FC0-4E82-8128-0B2AEF865DDC}.Debug|x86.ActiveCfg = Debug|Any CPU
		{6B943882-3FC0-4E82-8128-0B2AEF865DDC}.Release|Any CPU.ActiveCfg = Release|Any CPU
		{6B943882-3FC0-4E82-8128-0B2AEF865DDC}.Release|Any CPU.Build.0 = Release|Any CPU
		{6B943882-3FC0-4E82-8128-0B2AEF865DDC}.Release|Mixed Platforms.ActiveCfg = Release|Any CPU
		{6B943882-3FC0-4E82-8128-0B2AEF865DDC}.Release|Mixed Platforms.Build.0 = Release|Any CPU
		{6B943882-3FC0-4E82-8128-0B2AEF865DDC}.Release|x86.ActiveCfg = Release|Any CPU
		{8034EE0C-97B5-491D-85A8-193BABC462A4}.Debug|Any CPU.ActiveCfg = Debug|Any CPU
		{8034EE0C-97B5-491D-85A8-193BABC462A4}.Debug|Any CPU.Build.0 = Debug|Any CPU
		{8034EE0C-97B5-491D-85A8-193BABC462A4}.Debug|Mixed Platforms.ActiveCfg = Debug|Any CPU
		{8034EE0C-97B5-491D-85A8-193BABC462A4}.Debug|Mixed Platforms.Build.0 = Debug|Any CPU
		{8034EE0C-97B5-491D-85A8-193BABC462A4}.Debug|x86.ActiveCfg = Debug|Any CPU
		{8034EE0C-97B5-491D-85A8-193BABC462A4}.Release|Any CPU.ActiveCfg = Release|Any CPU
		{8034EE0C-97B5-491D-85A8-193BABC462A4}.Release|Any CPU.Build.0 = Release|Any CPU
		{8034EE0C-97B5-491D-85A8-193BABC462A4}.Release|Mixed Platforms.ActiveCfg = Release|Any CPU
		{8034EE0C-97B5-491D-85A8-193BABC462A4}.Release|Mixed Platforms.Build.0 = Release|Any CPU
		{8034EE0C-97B5-491D-85A8-193BABC462A4}.Release|x86.ActiveCfg = Release|Any CPU
		{8B3BFBEE-41A9-4D82-B6EA-A069565C7F94}.Debug|Any CPU.ActiveCfg = Debug|Any CPU
		{8B3BFBEE-41A9-4D82-B6EA-A069565C7F94}.Debug|Any CPU.Build.0 = Debug|Any CPU
		{8B3BFBEE-41A9-4D82-B6EA-A069565C7F94}.Debug|Mixed Platforms.ActiveCfg = Debug|Any CPU
		{8B3BFBEE-41A9-4D82-B6EA-A069565C7F94}.Debug|Mixed Platforms.Build.0 = Debug|Any CPU
		{8B3BFBEE-41A9-4D82-B6EA-A069565C7F94}.Debug|x86.ActiveCfg = Debug|Any CPU
		{8B3BFBEE-41A9-4D82-B6EA-A069565C7F94}.Release|Any CPU.ActiveCfg = Release|Any CPU
		{8B3BFBEE-41A9-4D82-B6EA-A069565C7F94}.Release|Any CPU.Build.0 = Release|Any CPU
		{8B3BFBEE-41A9-4D82-B6EA-A069565C7F94}.Release|Mixed Platforms.ActiveCfg = Release|Any CPU
		{8B3BFBEE-41A9-4D82-B6EA-A069565C7F94}.Release|Mixed Platforms.Build.0 = Release|Any CPU
		{8B3BFBEE-41A9-4D82-B6EA-A069565C7F94}.Release|x86.ActiveCfg = Release|Any CPU
		{C6555DEE-AE75-4301-A2E5-C13E3C89950D}.Debug|Any CPU.ActiveCfg = Debug|Any CPU
		{C6555DEE-AE75-4301-A2E5-C13E3C89950D}.Debug|Any CPU.Build.0 = Debug|Any CPU
		{C6555DEE-AE75-4301-A2E5-C13E3C89950D}.Debug|Mixed Platforms.ActiveCfg = Debug|Any CPU
		{C6555DEE-AE75-4301-A2E5-C13E3C89950D}.Debug|Mixed Platforms.Build.0 = Debug|Any CPU
		{C6555DEE-AE75-4301-A2E5-C13E3C89950D}.Debug|x86.ActiveCfg = Debug|Any CPU
		{C6555DEE-AE75-4301-A2E5-C13E3C89950D}.Release|Any CPU.ActiveCfg = Release|Any CPU
		{C6555DEE-AE75-4301-A2E5-C13E3C89950D}.Release|Any CPU.Build.0 = Release|Any CPU
		{C6555DEE-AE75-4301-A2E5-C13E3C89950D}.Release|Mixed Platforms.ActiveCfg = Release|Any CPU
		{C6555DEE-AE75-4301-A2E5-C13E3C89950D}.Release|Mixed Platforms.Build.0 = Release|Any CPU
		{C6555DEE-AE75-4301-A2E5-C13E3C89950D}.Release|x86.ActiveCfg = Release|Any CPU
		{F9C97C93-DFE4-4113-85C2-AEEE72925429}.Debug|Any CPU.ActiveCfg = Debug|Any CPU
		{F9C97C93-DFE4-4113-85C2-AEEE72925429}.Debug|Any CPU.Build.0 = Debug|Any CPU
		{F9C97C93-DFE4-4113-85C2-AEEE72925429}.Debug|Mixed Platforms.ActiveCfg = Debug|Any CPU
		{F9C97C93-DFE4-4113-85C2-AEEE72925429}.Debug|Mixed Platforms.Build.0 = Debug|Any CPU
		{F9C97C93-DFE4-4113-85C2-AEEE72925429}.Debug|x86.ActiveCfg = Debug|Any CPU
		{F9C97C93-DFE4-4113-85C2-AEEE72925429}.Release|Any CPU.ActiveCfg = Release|Any CPU
		{F9C97C93-DFE4-4113-85C2-AEEE72925429}.Release|Any CPU.Build.0 = Release|Any CPU
		{F9C97C93-DFE4-4113-85C2-AEEE72925429}.Release|Mixed Platforms.ActiveCfg = Release|Any CPU
		{F9C97C93-DFE4-4113-85C2-AEEE72925429}.Release|Mixed Platforms.Build.0 = Release|Any CPU
		{F9C97C93-DFE4-4113-85C2-AEEE72925429}.Release|x86.ActiveCfg = Release|Any CPU
		{C0A8BE98-FA31-42A4-8D50-2C70C59CDC3F}.Debug|Any CPU.ActiveCfg = Debug|x86
		{C0A8BE98-FA31-42A4-8D50-2C70C59CDC3F}.Debug|Mixed Platforms.ActiveCfg = Debug|x86
		{C0A8BE98-FA31-42A4-8D50-2C70C59CDC3F}.Debug|Mixed Platforms.Build.0 = Debug|x86
		{C0A8BE98-FA31-42A4-8D50-2C70C59CDC3F}.Debug|x86.ActiveCfg = Debug|x86
		{C0A8BE98-FA31-42A4-8D50-2C70C59CDC3F}.Debug|x86.Build.0 = Debug|x86
		{C0A8BE98-FA31-42A4-8D50-2C70C59CDC3F}.Release|Any CPU.ActiveCfg = Release|x86
		{C0A8BE98-FA31-42A4-8D50-2C70C59CDC3F}.Release|Mixed Platforms.ActiveCfg = Release|x86
		{C0A8BE98-FA31-42A4-8D50-2C70C59CDC3F}.Release|Mixed Platforms.Build.0 = Release|x86
		{C0A8BE98-FA31-42A4-8D50-2C70C59CDC3F}.Release|x86.ActiveCfg = Release|x86
		{C0A8BE98-FA31-42A4-8D50-2C70C59CDC3F}.Release|x86.Build.0 = Release|x86
	EndGlobalSection
	GlobalSection(NestedProjects) = preSolution
		{F9C97C93-DFE4-4113-85C2-AEEE72925429} = {78116A50-711B-437A-95C1-1CB449B0A19F}
		{17329E98-8177-408F-8FF5-6D77028EB6E4} = {78116A50-711B-437A-95C1-1CB449B0A19F}
		{C6555DEE-AE75-4301-A2E5-C13E3C89950D} = {78116A50-711B-437A-95C1-1CB449B0A19F}
		{8B3BFBEE-41A9-4D82-B6EA-A069565C7F94} = {78116A50-711B-437A-95C1-1CB449B0A19F}
		{6B943882-3FC0-4E82-8128-0B2AEF865DDC} = {78116A50-711B-437A-95C1-1CB449B0A19F}
		{30B3A3D7-F15D-4061-9041-CDB980F3AF04} = {78116A50-711B-437A-95C1-1CB449B0A19F}
		{8034EE0C-97B5-491D-85A8-193BABC462A4} = {78116A50-711B-437A-95C1-1CB449B0A19F}
	EndGlobalSection
	GlobalSection(MonoDevelopProperties) = preSolution
		StartupItem = ZyGames.Tianjiexing.Server\ZyGames.Tianjiexing.Server.csproj
	EndGlobalSection
	GlobalSection(SolutionProperties) = preSolution
		HideSolutionNode = FALSE
	EndGlobalSection
EndGlobal
