
Microsoft Visual Studio Solution File, Format Version 11.00
# Visual Studio 2010
Project("{FAE04EC0-301F-11D3-BF4B-00C04F79EFBC}") = "ZyGames.Doudizhu.HostServer", "ZyGames.Doudizhu.HostServer\ZyGames.Doudizhu.HostServer.csproj", "{F84CC17D-56BB-4D0B-B106-7D7414C50A4B}"
EndProject
Project("{FAE04EC0-301F-11D3-BF4B-00C04F79EFBC}") = "ZyGames.Doudizhu.Model", "ZyGames.Doudizhu.Model\ZyGames.Doudizhu.Model.csproj", "{32E54E6F-31E4-405B-A6AB-25E5A5A04F3A}"
EndProject
Project("{FAE04EC0-301F-11D3-BF4B-00C04F79EFBC}") = "ZyGames.Doudizhu.Bll", "ZyGames.Doudizhu.Bll\ZyGames.Doudizhu.Bll.csproj", "{0EDF246F-C17C-4501-903A-8BB025A8E0EF}"
EndProject
Project("{FAE04EC0-301F-11D3-BF4B-00C04F79EFBC}") = "ZyGames.Doudizhu.Lang", "ZyGames.Doudizhu.Lang\ZyGames.Doudizhu.Lang.csproj", "{DB05C1ED-B8EC-40B8-B6A3-BAC98EE97B57}"
EndProject
Global
	GlobalSection(SolutionConfigurationPlatforms) = preSolution
		Debug|Any CPU = Debug|Any CPU
		Debug|Mixed Platforms = Debug|Mixed Platforms
		Debug|x86 = Debug|x86
		Release|Any CPU = Release|Any CPU
		Release|Mixed Platforms = Release|Mixed Platforms
		Release|x86 = Release|x86
	EndGlobalSection
	GlobalSection(ProjectConfigurationPlatforms) = postSolution
		{F84CC17D-56BB-4D0B-B106-7D7414C50A4B}.Debug|Any CPU.ActiveCfg = Debug|x86
		{F84CC17D-56BB-4D0B-B106-7D7414C50A4B}.Debug|Any CPU.Build.0 = Debug|x86
		{F84CC17D-56BB-4D0B-B106-7D7414C50A4B}.Debug|Mixed Platforms.ActiveCfg = Debug|x86
		{F84CC17D-56BB-4D0B-B106-7D7414C50A4B}.Debug|Mixed Platforms.Build.0 = Debug|x86
		{F84CC17D-56BB-4D0B-B106-7D7414C50A4B}.Debug|x86.ActiveCfg = Debug|x86
		{F84CC17D-56BB-4D0B-B106-7D7414C50A4B}.Debug|x86.Build.0 = Debug|x86
		{F84CC17D-56BB-4D0B-B106-7D7414C50A4B}.Release|Any CPU.ActiveCfg = Release|x86
		{F84CC17D-56BB-4D0B-B106-7D7414C50A4B}.Release|Any CPU.Build.0 = Release|x86
		{F84CC17D-56BB-4D0B-B106-7D7414C50A4B}.Release|Mixed Platforms.ActiveCfg = Release|x86
		{F84CC17D-56BB-4D0B-B106-7D7414C50A4B}.Release|Mixed Platforms.Build.0 = Release|x86
		{F84CC17D-56BB-4D0B-B106-7D7414C50A4B}.Release|x86.ActiveCfg = Release|x86
		{F84CC17D-56BB-4D0B-B106-7D7414C50A4B}.Release|x86.Build.0 = Release|x86
		{32E54E6F-31E4-405B-A6AB-25E5A5A04F3A}.Debug|Any CPU.ActiveCfg = Debug|Any CPU
		{32E54E6F-31E4-405B-A6AB-25E5A5A04F3A}.Debug|Any CPU.Build.0 = Debug|Any CPU
		{32E54E6F-31E4-405B-A6AB-25E5A5A04F3A}.Debug|Mixed Platforms.ActiveCfg = Debug|Any CPU
		{32E54E6F-31E4-405B-A6AB-25E5A5A04F3A}.Debug|Mixed Platforms.Build.0 = Debug|Any CPU
		{32E54E6F-31E4-405B-A6AB-25E5A5A04F3A}.Debug|x86.ActiveCfg = Debug|Any CPU
		{32E54E6F-31E4-405B-A6AB-25E5A5A04F3A}.Release|Any CPU.ActiveCfg = Release|Any CPU
		{32E54E6F-31E4-405B-A6AB-25E5A5A04F3A}.Release|Any CPU.Build.0 = Release|Any CPU
		{32E54E6F-31E4-405B-A6AB-25E5A5A04F3A}.Release|Mixed Platforms.ActiveCfg = Release|Any CPU
		{32E54E6F-31E4-405B-A6AB-25E5A5A04F3A}.Release|Mixed Platforms.Build.0 = Release|Any CPU
		{32E54E6F-31E4-405B-A6AB-25E5A5A04F3A}.Release|x86.ActiveCfg = Release|Any CPU
		{0EDF246F-C17C-4501-903A-8BB025A8E0EF}.Debug|Any CPU.ActiveCfg = Debug|Any CPU
		{0EDF246F-C17C-4501-903A-8BB025A8E0EF}.Debug|Any CPU.Build.0 = Debug|Any CPU
		{0EDF246F-C17C-4501-903A-8BB025A8E0EF}.Debug|Mixed Platforms.ActiveCfg = Debug|Any CPU
		{0EDF246F-C17C-4501-903A-8BB025A8E0EF}.Debug|Mixed Platforms.Build.0 = Debug|Any CPU
		{0EDF246F-C17C-4501-903A-8BB025A8E0EF}.Debug|x86.ActiveCfg = Debug|Any CPU
		{0EDF246F-C17C-4501-903A-8BB025A8E0EF}.Release|Any CPU.ActiveCfg = Release|Any CPU
		{0EDF246F-C17C-4501-903A-8BB025A8E0EF}.Release|Any CPU.Build.0 = Release|Any CPU
		{0EDF246F-C17C-4501-903A-8BB025A8E0EF}.Release|Mixed Platforms.ActiveCfg = Release|Any CPU
		{0EDF246F-C17C-4501-903A-8BB025A8E0EF}.Release|Mixed Platforms.Build.0 = Release|Any CPU
		{0EDF246F-C17C-4501-903A-8BB025A8E0EF}.Release|x86.ActiveCfg = Release|Any CPU
		{DB05C1ED-B8EC-40B8-B6A3-BAC98EE97B57}.Debug|Any CPU.ActiveCfg = Debug|Any CPU
		{DB05C1ED-B8EC-40B8-B6A3-BAC98EE97B57}.Debug|Any CPU.Build.0 = Debug|Any CPU
		{DB05C1ED-B8EC-40B8-B6A3-BAC98EE97B57}.Debug|Mixed Platforms.ActiveCfg = Debug|Any CPU
		{DB05C1ED-B8EC-40B8-B6A3-BAC98EE97B57}.Debug|Mixed Platforms.Build.0 = Debug|Any CPU
		{DB05C1ED-B8EC-40B8-B6A3-BAC98EE97B57}.Debug|x86.ActiveCfg = Debug|Any CPU
		{DB05C1ED-B8EC-40B8-B6A3-BAC98EE97B57}.Release|Any CPU.ActiveCfg = Release|Any CPU
		{DB05C1ED-B8EC-40B8-B6A3-BAC98EE97B57}.Release|Any CPU.Build.0 = Release|Any CPU
		{DB05C1ED-B8EC-40B8-B6A3-BAC98EE97B57}.Release|Mixed Platforms.ActiveCfg = Release|Any CPU
		{DB05C1ED-B8EC-40B8-B6A3-BAC98EE97B57}.Release|Mixed Platforms.Build.0 = Release|Any CPU
		{DB05C1ED-B8EC-40B8-B6A3-BAC98EE97B57}.Release|x86.ActiveCfg = Release|Any CPU
	EndGlobalSection
	GlobalSection(SolutionProperties) = preSolution
		HideSolutionNode = FALSE
	EndGlobalSection
	GlobalSection(MonoDevelopProperties) = preSolution
		StartupItem = ZyGames.Doudizhu.HostServer\ZyGames.Doudizhu.HostServer.csproj
	EndGlobalSection
EndGlobal
