
Microsoft Visual Studio Solution File, Format Version 12.00
# Visual Studio 2013
VisualStudioVersion = 12.0.21005.1
MinimumVisualStudioVersion = 10.0.40219.1
Project("{FAE04EC0-301F-11D3-BF4B-00C04F79EFBC}") = "DirCenter", "DirCenter\DirCenter.csproj", "{C3692EF9-77D6-4F1E-AD27-DB976CBF3B77}"
EndProject
Global
	GlobalSection(SolutionConfigurationPlatforms) = preSolution
		Debug|Any CPU = Debug|Any CPU
		Release|Any CPU = Release|Any CPU
	EndGlobalSection
	GlobalSection(ProjectConfigurationPlatforms) = postSolution
		{C3692EF9-77D6-4F1E-AD27-DB976CBF3B77}.Debug|Any CPU.ActiveCfg = Debug|Any CPU
		{C3692EF9-77D6-4F1E-AD27-DB976CBF3B77}.Debug|Any CPU.Build.0 = Debug|Any CPU
		{C3692EF9-77D6-4F1E-AD27-DB976CBF3B77}.Release|Any CPU.ActiveCfg = Release|Any CPU
		{C3692EF9-77D6-4F1E-AD27-DB976CBF3B77}.Release|Any CPU.Build.0 = Release|Any CPU
	EndGlobalSection
	GlobalSection(SolutionProperties) = preSolution
		HideSolutionNode = FALSE
	EndGlobalSection
EndGlobal
