
Microsoft Visual Studio Solution File, Format Version 11.00
# Visual Studio 2010
Project("{FAE04EC0-301F-11D3-BF4B-00C04F79EFBC}") = "ZyGames.Framework", "ZyGames.Framework\ZyGames.Framework.csproj", "{BD9F1C04-DE33-4C59-9942-2CD0CDB4CC3C}"
EndProject
Project("{FAE04EC0-301F-11D3-BF4B-00C04F79EFBC}") = "ZyGames.Framework.Common", "ZyGames.Framework.Common\ZyGames.Framework.Common.csproj", "{CE5C369F-8FAC-47A1-89B4-7AB09A6A3CB1}"
EndProject
Project("{2150E333-8FDC-42A3-9474-1A3956D46DE8}") = "Solution Items", "Solution Items", "{B83D13EA-A62F-43C2-9B99-39D634F4F163}"
	ProjectSection(SolutionItems) = preProject
		Solution Items\GlobalAssemblyInfo.cs = Solution Items\GlobalAssemblyInfo.cs
	EndProjectSection
EndProject
Global
	GlobalSection(SolutionConfigurationPlatforms) = preSolution
		Debug|Any CPU = Debug|Any CPU
		Debug|Mixed Platforms = Debug|Mixed Platforms
		Debug|x86 = Debug|x86
		Release|Any CPU = Release|Any CPU
		Release|Mixed Platforms = Release|Mixed Platforms
		Release|x86 = Release|x86
	EndGlobalSection
	GlobalSection(ProjectConfigurationPlatforms) = postSolution
		{BD9F1C04-DE33-4C59-9942-2CD0CDB4CC3C}.Debug|Any CPU.ActiveCfg = Debug|Any CPU
		{BD9F1C04-DE33-4C59-9942-2CD0CDB4CC3C}.Debug|Any CPU.Build.0 = Debug|Any CPU
		{BD9F1C04-DE33-4C59-9942-2CD0CDB4CC3C}.Debug|Mixed Platforms.ActiveCfg = Debug|Any CPU
		{BD9F1C04-DE33-4C59-9942-2CD0CDB4CC3C}.Debug|Mixed Platforms.Build.0 = Debug|Any CPU
		{BD9F1C04-DE33-4C59-9942-2CD0CDB4CC3C}.Debug|x86.ActiveCfg = Debug|Any CPU
		{BD9F1C04-DE33-4C59-9942-2CD0CDB4CC3C}.Release|Any CPU.ActiveCfg = Release|Any CPU
		{BD9F1C04-DE33-4C59-9942-2CD0CDB4CC3C}.Release|Any CPU.Build.0 = Release|Any CPU
		{BD9F1C04-DE33-4C59-9942-2CD0CDB4CC3C}.Release|Mixed Platforms.ActiveCfg = Release|Any CPU
		{BD9F1C04-DE33-4C59-9942-2CD0CDB4CC3C}.Release|Mixed Platforms.Build.0 = Release|Any CPU
		{BD9F1C04-DE33-4C59-9942-2CD0CDB4CC3C}.Release|x86.ActiveCfg = Release|Any CPU
		{CE5C369F-8FAC-47A1-89B4-7AB09A6A3CB1}.Debug|Any CPU.ActiveCfg = Debug|Any CPU
		{CE5C369F-8FAC-47A1-89B4-7AB09A6A3CB1}.Debug|Any CPU.Build.0 = Debug|Any CPU
		{CE5C369F-8FAC-47A1-89B4-7AB09A6A3CB1}.Debug|Mixed Platforms.ActiveCfg = Debug|Any CPU
		{CE5C369F-8FAC-47A1-89B4-7AB09A6A3CB1}.Debug|Mixed Platforms.Build.0 = Debug|Any CPU
		{CE5C369F-8FAC-47A1-89B4-7AB09A6A3CB1}.Debug|x86.ActiveCfg = Debug|Any CPU
		{CE5C369F-8FAC-47A1-89B4-7AB09A6A3CB1}.Release|Any CPU.ActiveCfg = Release|Any CPU
		{CE5C369F-8FAC-47A1-89B4-7AB09A6A3CB1}.Release|Any CPU.Build.0 = Release|Any CPU
		{CE5C369F-8FAC-47A1-89B4-7AB09A6A3CB1}.Release|Mixed Platforms.ActiveCfg = Release|Any CPU
		{CE5C369F-8FAC-47A1-89B4-7AB09A6A3CB1}.Release|Mixed Platforms.Build.0 = Release|Any CPU
		{CE5C369F-8FAC-47A1-89B4-7AB09A6A3CB1}.Release|x86.ActiveCfg = Release|Any CPU
	EndGlobalSection
	GlobalSection(SolutionProperties) = preSolution
		HideSolutionNode = FALSE
	EndGlobalSection
EndGlobal
