
Microsoft Visual Studio Solution File, Format Version 12.00
# Visual Studio 2013
VisualStudioVersion = 12.0.30723.0
MinimumVisualStudioVersion = 10.0.40219.1
Project("{2150E333-8FDC-42A3-9474-1A3956D46DE8}") = "Solution Items", "Solution Items", "{46451F48-D01A-4800-810E-52CC991F63EC}"
	ProjectSection(SolutionItems) = preProject
		Solution Items\GlobalAssemblyInfo.cs = Solution Items\GlobalAssemblyInfo.cs
	EndProjectSection
EndProject
Project("{FAE04EC0-301F-11D3-BF4B-00C04F79EFBC}") = "ZyGames.Framework4.5", "ZyGames.Framework\ZyGames.Framework4.5.csproj", "{416E2E00-4064-4D7A-87A2-A649FF120274}"
EndProject
Project("{FAE04EC0-301F-11D3-BF4B-00C04F79EFBC}") = "ZyGames.Framework.Common4.5", "ZyGames.Framework.Common\ZyGames.Framework.Common4.5.csproj", "{E87A5049-85A1-436B-A5ED-2BC0A4E45BDB}"
EndProject
Project("{2150E333-8FDC-42A3-9474-1A3956D46DE8}") = "Test", "Test", "{329FA5C5-0C04-41C9-BBF0-1BF33C6E00A7}"
EndProject
Project("{FAE04EC0-301F-11D3-BF4B-00C04F79EFBC}") = "FrameworkUnitTest", "FrameworkUnitTest\FrameworkUnitTest.csproj", "{B3EF761F-DC18-48E1-91D8-4B490BCC85AF}"
EndProject
Global
	GlobalSection(SolutionConfigurationPlatforms) = preSolution
		Debug|Any CPU = Debug|Any CPU
		Release|Any CPU = Release|Any CPU
	EndGlobalSection
	GlobalSection(ProjectConfigurationPlatforms) = postSolution
		{416E2E00-4064-4D7A-87A2-A649FF120274}.Debug|Any CPU.ActiveCfg = Debug|Any CPU
		{416E2E00-4064-4D7A-87A2-A649FF120274}.Debug|Any CPU.Build.0 = Debug|Any CPU
		{416E2E00-4064-4D7A-87A2-A649FF120274}.Release|Any CPU.ActiveCfg = Release|Any CPU
		{416E2E00-4064-4D7A-87A2-A649FF120274}.Release|Any CPU.Build.0 = Release|Any CPU
		{E87A5049-85A1-436B-A5ED-2BC0A4E45BDB}.Debug|Any CPU.ActiveCfg = Debug|Any CPU
		{E87A5049-85A1-436B-A5ED-2BC0A4E45BDB}.Debug|Any CPU.Build.0 = Debug|Any CPU
		{E87A5049-85A1-436B-A5ED-2BC0A4E45BDB}.Release|Any CPU.ActiveCfg = Release|Any CPU
		{E87A5049-85A1-436B-A5ED-2BC0A4E45BDB}.Release|Any CPU.Build.0 = Release|Any CPU
		{B3EF761F-DC18-48E1-91D8-4B490BCC85AF}.Debug|Any CPU.ActiveCfg = Debug|Any CPU
		{B3EF761F-DC18-48E1-91D8-4B490BCC85AF}.Debug|Any CPU.Build.0 = Debug|Any CPU
		{B3EF761F-DC18-48E1-91D8-4B490BCC85AF}.Release|Any CPU.ActiveCfg = Release|Any CPU
		{B3EF761F-DC18-48E1-91D8-4B490BCC85AF}.Release|Any CPU.Build.0 = Release|Any CPU
	EndGlobalSection
	GlobalSection(SolutionProperties) = preSolution
		HideSolutionNode = FALSE
	EndGlobalSection
	GlobalSection(NestedProjects) = preSolution
		{B3EF761F-DC18-48E1-91D8-4B490BCC85AF} = {329FA5C5-0C04-41C9-BBF0-1BF33C6E00A7}
	EndGlobalSection
EndGlobal
