
Microsoft Visual Studio Solution File, Format Version 10.00
# Visual Studio 2008
Project("{FAE04EC0-301F-11D3-BF4B-00C04F79EFBC}") = "ZyGames.OA.WatchService.BLL", "ZyGames.OA.WatchService.BLL\ZyGames.OA.WatchService.BLL.csproj", "{CCD738B3-3ED9-43D5-8949-DA7155C5817E}"
EndProject
Project("{FAE04EC0-301F-11D3-BF4B-00C04F79EFBC}") = "ZyGames.MSMQ.Model", "ZyGames.MSMQ.Model\ZyGames.MSMQ.Model.csproj", "{3E0D0EF8-F227-43C8-B7C5-9DFDC414F82F}"
EndProject
Project("{FAE04EC0-301F-11D3-BF4B-00C04F79EFBC}") = "ZyGames.MSMQ.Service", "ZyGames.MSMQ.Service\ZyGames.MSMQ.Service.csproj", "{3BA5F8AB-C479-4B7F-BA90-4A7E9EC396F0}"
EndProject
Project("{FAE04EC0-301F-11D3-BF4B-00C04F79EFBC}") = "ZyGames.OA.WatchMSMQService", "ZyGames.OA.WatchMSMQService\ZyGames.OA.WatchMSMQService.csproj", "{AA2475BA-AEF6-4F00-81CD-2F67A7A7C0BE}"
EndProject
Project("{FAE04EC0-301F-11D3-BF4B-00C04F79EFBC}") = "ZyGames.OA.WatchErrorMSMQService", "ZyGames.OA.WatchErrorMSMQService\ZyGames.OA.WatchErrorMSMQService.csproj", "{BA421B0D-5E79-4929-9704-1DAEB7FFEB04}"
EndProject
Global
	GlobalSection(SolutionConfigurationPlatforms) = preSolution
		Debug|Any CPU = Debug|Any CPU
		Release|Any CPU = Release|Any CPU
	EndGlobalSection
	GlobalSection(ProjectConfigurationPlatforms) = postSolution
		{CCD738B3-3ED9-43D5-8949-DA7155C5817E}.Debug|Any CPU.ActiveCfg = Debug|Any CPU
		{CCD738B3-3ED9-43D5-8949-DA7155C5817E}.Debug|Any CPU.Build.0 = Debug|Any CPU
		{CCD738B3-3ED9-43D5-8949-DA7155C5817E}.Release|Any CPU.ActiveCfg = Release|Any CPU
		{CCD738B3-3ED9-43D5-8949-DA7155C5817E}.Release|Any CPU.Build.0 = Release|Any CPU
		{3E0D0EF8-F227-43C8-B7C5-9DFDC414F82F}.Debug|Any CPU.ActiveCfg = Debug|Any CPU
		{3E0D0EF8-F227-43C8-B7C5-9DFDC414F82F}.Debug|Any CPU.Build.0 = Debug|Any CPU
		{3E0D0EF8-F227-43C8-B7C5-9DFDC414F82F}.Release|Any CPU.ActiveCfg = Release|Any CPU
		{3E0D0EF8-F227-43C8-B7C5-9DFDC414F82F}.Release|Any CPU.Build.0 = Release|Any CPU
		{3BA5F8AB-C479-4B7F-BA90-4A7E9EC396F0}.Debug|Any CPU.ActiveCfg = Debug|Any CPU
		{3BA5F8AB-C479-4B7F-BA90-4A7E9EC396F0}.Debug|Any CPU.Build.0 = Debug|Any CPU
		{3BA5F8AB-C479-4B7F-BA90-4A7E9EC396F0}.Release|Any CPU.ActiveCfg = Release|Any CPU
		{3BA5F8AB-C479-4B7F-BA90-4A7E9EC396F0}.Release|Any CPU.Build.0 = Release|Any CPU
		{AA2475BA-AEF6-4F00-81CD-2F67A7A7C0BE}.Debug|Any CPU.ActiveCfg = Debug|Any CPU
		{AA2475BA-AEF6-4F00-81CD-2F67A7A7C0BE}.Debug|Any CPU.Build.0 = Debug|Any CPU
		{AA2475BA-AEF6-4F00-81CD-2F67A7A7C0BE}.Release|Any CPU.ActiveCfg = Release|Any CPU
		{AA2475BA-AEF6-4F00-81CD-2F67A7A7C0BE}.Release|Any CPU.Build.0 = Release|Any CPU
		{BA421B0D-5E79-4929-9704-1DAEB7FFEB04}.Debug|Any CPU.ActiveCfg = Debug|Any CPU
		{BA421B0D-5E79-4929-9704-1DAEB7FFEB04}.Debug|Any CPU.Build.0 = Debug|Any CPU
		{BA421B0D-5E79-4929-9704-1DAEB7FFEB04}.Release|Any CPU.ActiveCfg = Release|Any CPU
		{BA421B0D-5E79-4929-9704-1DAEB7FFEB04}.Release|Any CPU.Build.0 = Release|Any CPU
	EndGlobalSection
	GlobalSection(SolutionProperties) = preSolution
		HideSolutionNode = FALSE
	EndGlobalSection
EndGlobal
