
Microsoft Visual Studio Solution File, Format Version 12.00
# Visual Studio 2013
VisualStudioVersion = 12.0.21005.1
MinimumVisualStudioVersion = 10.0.40219.1
Project("{FAE04EC0-301F-11D3-BF4B-00C04F79EFBC}") = "GameRanking.Host4_5", "GameRanking.Host\GameRanking.Host4_5.csproj", "{50C2697B-107D-4424-A5CD-CE1C043C6F6D}"
EndProject
Project("{FAE04EC0-301F-11D3-BF4B-00C04F79EFBC}") = "GameRanking.Web4_5", "GameRanking.Web\GameRanking.Web4_5.csproj", "{EBA2EEC8-C8E3-4F61-B5C8-71AFCCF1729B}"
EndProject
Project("{FAE04EC0-301F-11D3-BF4B-00C04F79EFBC}") = "GameRanking.HostU3D4_5", "GameRanking.HostU3D4_5\GameRanking.HostU3D4_5.csproj", "{CBB74FFF-D1DB-4C3E-98BE-8E40D7244DD2}"
EndProject
Project("{FAE04EC0-301F-11D3-BF4B-00C04F79EFBC}") = "GameRanking.Pack", "GameRanking.Pack\GameRanking.Pack.csproj", "{C52DFD7B-65BE-4478-A3E6-2E9554D63FE1}"
EndProject
Project("{FAE04EC0-301F-11D3-BF4B-00C04F79EFBC}") = "GameRanking.WebU3D4_5", "GameRanking.WebU3D4_5\GameRanking.WebU3D4_5.csproj", "{13AE8EAB-08A4-483C-9D98-BDB6E3C6DCAC}"
EndProject
Global
	GlobalSection(SolutionConfigurationPlatforms) = preSolution
		Debug|Any CPU = Debug|Any CPU
		Debug|Mixed Platforms = Debug|Mixed Platforms
		Debug|x86 = Debug|x86
		Release|Any CPU = Release|Any CPU
		Release|Mixed Platforms = Release|Mixed Platforms
		Release|x86 = Release|x86
	EndGlobalSection
	GlobalSection(ProjectConfigurationPlatforms) = postSolution
		{50C2697B-107D-4424-A5CD-CE1C043C6F6D}.Debug|Any CPU.ActiveCfg = Debug|x86
		{50C2697B-107D-4424-A5CD-CE1C043C6F6D}.Debug|Mixed Platforms.ActiveCfg = Debug|x86
		{50C2697B-107D-4424-A5CD-CE1C043C6F6D}.Debug|Mixed Platforms.Build.0 = Debug|x86
		{50C2697B-107D-4424-A5CD-CE1C043C6F6D}.Debug|x86.ActiveCfg = Debug|x86
		{50C2697B-107D-4424-A5CD-CE1C043C6F6D}.Debug|x86.Build.0 = Debug|x86
		{50C2697B-107D-4424-A5CD-CE1C043C6F6D}.Release|Any CPU.ActiveCfg = Release|x86
		{50C2697B-107D-4424-A5CD-CE1C043C6F6D}.Release|Mixed Platforms.ActiveCfg = Release|x86
		{50C2697B-107D-4424-A5CD-CE1C043C6F6D}.Release|Mixed Platforms.Build.0 = Release|x86
		{50C2697B-107D-4424-A5CD-CE1C043C6F6D}.Release|x86.ActiveCfg = Release|x86
		{50C2697B-107D-4424-A5CD-CE1C043C6F6D}.Release|x86.Build.0 = Release|x86
		{EBA2EEC8-C8E3-4F61-B5C8-71AFCCF1729B}.Debug|Any CPU.ActiveCfg = Debug|Any CPU
		{EBA2EEC8-C8E3-4F61-B5C8-71AFCCF1729B}.Debug|Any CPU.Build.0 = Debug|Any CPU
		{EBA2EEC8-C8E3-4F61-B5C8-71AFCCF1729B}.Debug|Mixed Platforms.ActiveCfg = Debug|Any CPU
		{EBA2EEC8-C8E3-4F61-B5C8-71AFCCF1729B}.Debug|Mixed Platforms.Build.0 = Debug|Any CPU
		{EBA2EEC8-C8E3-4F61-B5C8-71AFCCF1729B}.Debug|x86.ActiveCfg = Debug|Any CPU
		{EBA2EEC8-C8E3-4F61-B5C8-71AFCCF1729B}.Release|Any CPU.ActiveCfg = Release|Any CPU
		{EBA2EEC8-C8E3-4F61-B5C8-71AFCCF1729B}.Release|Any CPU.Build.0 = Release|Any CPU
		{EBA2EEC8-C8E3-4F61-B5C8-71AFCCF1729B}.Release|Mixed Platforms.ActiveCfg = Release|Any CPU
		{EBA2EEC8-C8E3-4F61-B5C8-71AFCCF1729B}.Release|Mixed Platforms.Build.0 = Release|Any CPU
		{EBA2EEC8-C8E3-4F61-B5C8-71AFCCF1729B}.Release|x86.ActiveCfg = Release|Any CPU
		{CBB74FFF-D1DB-4C3E-98BE-8E40D7244DD2}.Debug|Any CPU.ActiveCfg = Debug|Any CPU
		{CBB74FFF-D1DB-4C3E-98BE-8E40D7244DD2}.Debug|Any CPU.Build.0 = Debug|Any CPU
		{CBB74FFF-D1DB-4C3E-98BE-8E40D7244DD2}.Debug|Mixed Platforms.ActiveCfg = Debug|Any CPU
		{CBB74FFF-D1DB-4C3E-98BE-8E40D7244DD2}.Debug|Mixed Platforms.Build.0 = Debug|Any CPU
		{CBB74FFF-D1DB-4C3E-98BE-8E40D7244DD2}.Debug|x86.ActiveCfg = Debug|Any CPU
		{CBB74FFF-D1DB-4C3E-98BE-8E40D7244DD2}.Release|Any CPU.ActiveCfg = Release|Any CPU
		{CBB74FFF-D1DB-4C3E-98BE-8E40D7244DD2}.Release|Any CPU.Build.0 = Release|Any CPU
		{CBB74FFF-D1DB-4C3E-98BE-8E40D7244DD2}.Release|Mixed Platforms.ActiveCfg = Release|Any CPU
		{CBB74FFF-D1DB-4C3E-98BE-8E40D7244DD2}.Release|Mixed Platforms.Build.0 = Release|Any CPU
		{CBB74FFF-D1DB-4C3E-98BE-8E40D7244DD2}.Release|x86.ActiveCfg = Release|Any CPU
		{C52DFD7B-65BE-4478-A3E6-2E9554D63FE1}.Debug|Any CPU.ActiveCfg = Debug|Any CPU
		{C52DFD7B-65BE-4478-A3E6-2E9554D63FE1}.Debug|Any CPU.Build.0 = Debug|Any CPU
		{C52DFD7B-65BE-4478-A3E6-2E9554D63FE1}.Debug|Mixed Platforms.ActiveCfg = Debug|Any CPU
		{C52DFD7B-65BE-4478-A3E6-2E9554D63FE1}.Debug|Mixed Platforms.Build.0 = Debug|Any CPU
		{C52DFD7B-65BE-4478-A3E6-2E9554D63FE1}.Debug|x86.ActiveCfg = Debug|Any CPU
		{C52DFD7B-65BE-4478-A3E6-2E9554D63FE1}.Release|Any CPU.ActiveCfg = Release|Any CPU
		{C52DFD7B-65BE-4478-A3E6-2E9554D63FE1}.Release|Any CPU.Build.0 = Release|Any CPU
		{C52DFD7B-65BE-4478-A3E6-2E9554D63FE1}.Release|Mixed Platforms.ActiveCfg = Release|Any CPU
		{C52DFD7B-65BE-4478-A3E6-2E9554D63FE1}.Release|Mixed Platforms.Build.0 = Release|Any CPU
		{C52DFD7B-65BE-4478-A3E6-2E9554D63FE1}.Release|x86.ActiveCfg = Release|Any CPU
		{13AE8EAB-08A4-483C-9D98-BDB6E3C6DCAC}.Debug|Any CPU.ActiveCfg = Debug|Any CPU
		{13AE8EAB-08A4-483C-9D98-BDB6E3C6DCAC}.Debug|Any CPU.Build.0 = Debug|Any CPU
		{13AE8EAB-08A4-483C-9D98-BDB6E3C6DCAC}.Debug|Mixed Platforms.ActiveCfg = Debug|Any CPU
		{13AE8EAB-08A4-483C-9D98-BDB6E3C6DCAC}.Debug|Mixed Platforms.Build.0 = Debug|Any CPU
		{13AE8EAB-08A4-483C-9D98-BDB6E3C6DCAC}.Debug|x86.ActiveCfg = Debug|Any CPU
		{13AE8EAB-08A4-483C-9D98-BDB6E3C6DCAC}.Release|Any CPU.ActiveCfg = Release|Any CPU
		{13AE8EAB-08A4-483C-9D98-BDB6E3C6DCAC}.Release|Any CPU.Build.0 = Release|Any CPU
		{13AE8EAB-08A4-483C-9D98-BDB6E3C6DCAC}.Release|Mixed Platforms.ActiveCfg = Release|Any CPU
		{13AE8EAB-08A4-483C-9D98-BDB6E3C6DCAC}.Release|Mixed Platforms.Build.0 = Release|Any CPU
		{13AE8EAB-08A4-483C-9D98-BDB6E3C6DCAC}.Release|x86.ActiveCfg = Release|Any CPU
	EndGlobalSection
	GlobalSection(SolutionProperties) = preSolution
		HideSolutionNode = FALSE
	EndGlobalSection
EndGlobal
