
Microsoft Visual Studio Solution File, Format Version 11.00
# Visual Studio 2010
Project("{FAE04EC0-301F-11D3-BF4B-00C04F79EFBC}") = "GameRanking.Model", "GameRanking.Model\GameRanking.Model.csproj", "{32E6FAC2-FB6A-485A-B016-FEC82394E032}"
EndProject
Project("{FAE04EC0-301F-11D3-BF4B-00C04F79EFBC}") = "GameRanking.Server", "GameRanking.Server\GameRanking.Server.csproj", "{7310F485-CAA2-4D8D-AC64-691DAF1C125D}"
EndProject
Project("{FAE04EC0-301F-11D3-BF4B-00C04F79EFBC}") = "GameRanking.Host", "GameRanking.Host\GameRanking.Host.csproj", "{50C2697B-107D-4424-A5CD-CE1C043C6F6D}"
EndProject
Global
	GlobalSection(SolutionConfigurationPlatforms) = preSolution
		Debug|Any CPU = Debug|Any CPU
		Debug|Mixed Platforms = Debug|Mixed Platforms
		Debug|x86 = Debug|x86
		Release|Any CPU = Release|Any CPU
		Release|Mixed Platforms = Release|Mixed Platforms
		Release|x86 = Release|x86
	EndGlobalSection
	GlobalSection(ProjectConfigurationPlatforms) = postSolution
		{32E6FAC2-FB6A-485A-B016-FEC82394E032}.Debug|Any CPU.ActiveCfg = Debug|Any CPU
		{32E6FAC2-FB6A-485A-B016-FEC82394E032}.Debug|Any CPU.Build.0 = Debug|Any CPU
		{32E6FAC2-FB6A-485A-B016-FEC82394E032}.Debug|Mixed Platforms.ActiveCfg = Debug|Any CPU
		{32E6FAC2-FB6A-485A-B016-FEC82394E032}.Debug|Mixed Platforms.Build.0 = Debug|Any CPU
		{32E6FAC2-FB6A-485A-B016-FEC82394E032}.Debug|x86.ActiveCfg = Debug|Any CPU
		{32E6FAC2-FB6A-485A-B016-FEC82394E032}.Release|Any CPU.ActiveCfg = Release|Any CPU
		{32E6FAC2-FB6A-485A-B016-FEC82394E032}.Release|Any CPU.Build.0 = Release|Any CPU
		{32E6FAC2-FB6A-485A-B016-FEC82394E032}.Release|Mixed Platforms.ActiveCfg = Release|Any CPU
		{32E6FAC2-FB6A-485A-B016-FEC82394E032}.Release|Mixed Platforms.Build.0 = Release|Any CPU
		{32E6FAC2-FB6A-485A-B016-FEC82394E032}.Release|x86.ActiveCfg = Release|Any CPU
		{7310F485-CAA2-4D8D-AC64-691DAF1C125D}.Debug|Any CPU.ActiveCfg = Debug|Any CPU
		{7310F485-CAA2-4D8D-AC64-691DAF1C125D}.Debug|Any CPU.Build.0 = Debug|Any CPU
		{7310F485-CAA2-4D8D-AC64-691DAF1C125D}.Debug|Mixed Platforms.ActiveCfg = Debug|Any CPU
		{7310F485-CAA2-4D8D-AC64-691DAF1C125D}.Debug|Mixed Platforms.Build.0 = Debug|Any CPU
		{7310F485-CAA2-4D8D-AC64-691DAF1C125D}.Debug|x86.ActiveCfg = Debug|Any CPU
		{7310F485-CAA2-4D8D-AC64-691DAF1C125D}.Release|Any CPU.ActiveCfg = Release|Any CPU
		{7310F485-CAA2-4D8D-AC64-691DAF1C125D}.Release|Any CPU.Build.0 = Release|Any CPU
		{7310F485-CAA2-4D8D-AC64-691DAF1C125D}.Release|Mixed Platforms.ActiveCfg = Release|Any CPU
		{7310F485-CAA2-4D8D-AC64-691DAF1C125D}.Release|Mixed Platforms.Build.0 = Release|Any CPU
		{7310F485-CAA2-4D8D-AC64-691DAF1C125D}.Release|x86.ActiveCfg = Release|Any CPU
		{50C2697B-107D-4424-A5CD-CE1C043C6F6D}.Debug|Any CPU.ActiveCfg = Debug|x86
		{50C2697B-107D-4424-A5CD-CE1C043C6F6D}.Debug|Mixed Platforms.ActiveCfg = Debug|x86
		{50C2697B-107D-4424-A5CD-CE1C043C6F6D}.Debug|Mixed Platforms.Build.0 = Debug|x86
		{50C2697B-107D-4424-A5CD-CE1C043C6F6D}.Debug|x86.ActiveCfg = Debug|x86
		{50C2697B-107D-4424-A5CD-CE1C043C6F6D}.Debug|x86.Build.0 = Debug|x86
		{50C2697B-107D-4424-A5CD-CE1C043C6F6D}.Release|Any CPU.ActiveCfg = Release|x86
		{50C2697B-107D-4424-A5CD-CE1C043C6F6D}.Release|Mixed Platforms.ActiveCfg = Release|x86
		{50C2697B-107D-4424-A5CD-CE1C043C6F6D}.Release|Mixed Platforms.Build.0 = Release|x86
		{50C2697B-107D-4424-A5CD-CE1C043C6F6D}.Release|x86.ActiveCfg = Release|x86
		{50C2697B-107D-4424-A5CD-CE1C043C6F6D}.Release|x86.Build.0 = Release|x86
	EndGlobalSection
	GlobalSection(SolutionProperties) = preSolution
		HideSolutionNode = FALSE
	EndGlobalSection
EndGlobal
