
Microsoft Visual Studio Solution File, Format Version 12.00
# Visual Studio 2012
Project("{8BC9CEB8-8B4A-11D0-8D11-00A0C91BC942}") = "ScutSDK_2012", "ScutSDK_2012.vcxproj", "{C5FE06AE-D28F-49DA-A6FF-9E9103CB38DA}"
EndProject
Global
	GlobalSection(SolutionConfigurationPlatforms) = preSolution
		Debug|Win32 = Debug|Win32
		Release|Win32 = Release|Win32
	EndGlobalSection
	GlobalSection(ProjectConfigurationPlatforms) = postSolution
		{C5FE06AE-D28F-49DA-A6FF-9E9103CB38DA}.Debug|Win32.ActiveCfg = Debug|Win32
		{C5FE06AE-D28F-49DA-A6FF-9E9103CB38DA}.Debug|Win32.Build.0 = Debug|Win32
		{C5FE06AE-D28F-49DA-A6FF-9E9103CB38DA}.Release|Win32.ActiveCfg = Release|Win32
		{C5FE06AE-D28F-49DA-A6FF-9E9103CB38DA}.Release|Win32.Build.0 = Release|Win32
	EndGlobalSection
	GlobalSection(SolutionProperties) = preSolution
		HideSolutionNode = FALSE
	EndGlobalSection
EndGlobal
