
Microsoft Visual Studio Solution File, Format Version 12.00
# Visual Studio 2013
VisualStudioVersion = 12.0.30723.0
MinimumVisualStudioVersion = 10.0.40219.1
Project("{FAE04EC0-301F-11D3-BF4B-00C04F79EFBC}") = "ZyGames.Test", "ZyGames.Test\ZyGames.Test.csproj", "{39F6D350-5C58-435B-BAAA-C25A001FD26A}"
EndProject
Project("{FAE04EC0-301F-11D3-BF4B-00C04F79EFBC}") = "ZyGames.Test.App", "ZyGames.Test.App\ZyGames.Test.App.csproj", "{6F5F2A78-F8F8-4C1B-9D01-78FFE0A0B5D9}"
EndProject
Project("{FAE04EC0-301F-11D3-BF4B-00C04F79EFBC}") = "ZyGames.Test.LoadApp", "ZyGames.Test.LoadApp\ZyGames.Test.LoadApp.csproj", "{DD9753B6-3A77-40AE-972B-9FE0D30B1CE1}"
EndProject
Global
	GlobalSection(SolutionConfigurationPlatforms) = preSolution
		Debug|Any CPU = Debug|Any CPU
		Debug|Mixed Platforms = Debug|Mixed Platforms
		Debug|x86 = Debug|x86
		Release|Any CPU = Release|Any CPU
		Release|Mixed Platforms = Release|Mixed Platforms
		Release|x86 = Release|x86
	EndGlobalSection
	GlobalSection(ProjectConfigurationPlatforms) = postSolution
		{39F6D350-5C58-435B-BAAA-C25A001FD26A}.Debug|Any CPU.ActiveCfg = Debug|Any CPU
		{39F6D350-5C58-435B-BAAA-C25A001FD26A}.Debug|Any CPU.Build.0 = Debug|Any CPU
		{39F6D350-5C58-435B-BAAA-C25A001FD26A}.Debug|Mixed Platforms.ActiveCfg = Debug|Any CPU
		{39F6D350-5C58-435B-BAAA-C25A001FD26A}.Debug|Mixed Platforms.Build.0 = Debug|Any CPU
		{39F6D350-5C58-435B-BAAA-C25A001FD26A}.Debug|x86.ActiveCfg = Debug|Any CPU
		{39F6D350-5C58-435B-BAAA-C25A001FD26A}.Release|Any CPU.ActiveCfg = Release|Any CPU
		{39F6D350-5C58-435B-BAAA-C25A001FD26A}.Release|Any CPU.Build.0 = Release|Any CPU
		{39F6D350-5C58-435B-BAAA-C25A001FD26A}.Release|Mixed Platforms.ActiveCfg = Release|Any CPU
		{39F6D350-5C58-435B-BAAA-C25A001FD26A}.Release|Mixed Platforms.Build.0 = Release|Any CPU
		{39F6D350-5C58-435B-BAAA-C25A001FD26A}.Release|x86.ActiveCfg = Release|Any CPU
		{6F5F2A78-F8F8-4C1B-9D01-78FFE0A0B5D9}.Debug|Any CPU.ActiveCfg = Debug|x86
		{6F5F2A78-F8F8-4C1B-9D01-78FFE0A0B5D9}.Debug|Mixed Platforms.ActiveCfg = Debug|x86
		{6F5F2A78-F8F8-4C1B-9D01-78FFE0A0B5D9}.Debug|Mixed Platforms.Build.0 = Debug|x86
		{6F5F2A78-F8F8-4C1B-9D01-78FFE0A0B5D9}.Debug|x86.ActiveCfg = Debug|x86
		{6F5F2A78-F8F8-4C1B-9D01-78FFE0A0B5D9}.Debug|x86.Build.0 = Debug|x86
		{6F5F2A78-F8F8-4C1B-9D01-78FFE0A0B5D9}.Release|Any CPU.ActiveCfg = Release|x86
		{6F5F2A78-F8F8-4C1B-9D01-78FFE0A0B5D9}.Release|Mixed Platforms.ActiveCfg = Release|x86
		{6F5F2A78-F8F8-4C1B-9D01-78FFE0A0B5D9}.Release|Mixed Platforms.Build.0 = Release|x86
		{6F5F2A78-F8F8-4C1B-9D01-78FFE0A0B5D9}.Release|x86.ActiveCfg = Release|x86
		{6F5F2A78-F8F8-4C1B-9D01-78FFE0A0B5D9}.Release|x86.Build.0 = Release|x86
		{DD9753B6-3A77-40AE-972B-9FE0D30B1CE1}.Debug|Any CPU.ActiveCfg = Debug|Any CPU
		{DD9753B6-3A77-40AE-972B-9FE0D30B1CE1}.Debug|Any CPU.Build.0 = Debug|Any CPU
		{DD9753B6-3A77-40AE-972B-9FE0D30B1CE1}.Debug|Mixed Platforms.ActiveCfg = Debug|Any CPU
		{DD9753B6-3A77-40AE-972B-9FE0D30B1CE1}.Debug|Mixed Platforms.Build.0 = Debug|Any CPU
		{DD9753B6-3A77-40AE-972B-9FE0D30B1CE1}.Debug|x86.ActiveCfg = Debug|Any CPU
		{DD9753B6-3A77-40AE-972B-9FE0D30B1CE1}.Release|Any CPU.ActiveCfg = Release|Any CPU
		{DD9753B6-3A77-40AE-972B-9FE0D30B1CE1}.Release|Any CPU.Build.0 = Release|Any CPU
		{DD9753B6-3A77-40AE-972B-9FE0D30B1CE1}.Release|Mixed Platforms.ActiveCfg = Release|Any CPU
		{DD9753B6-3A77-40AE-972B-9FE0D30B1CE1}.Release|Mixed Platforms.Build.0 = Release|Any CPU
		{DD9753B6-3A77-40AE-972B-9FE0D30B1CE1}.Release|x86.ActiveCfg = Release|Any CPU
	EndGlobalSection
	GlobalSection(SolutionProperties) = preSolution
		HideSolutionNode = FALSE
	EndGlobalSection
EndGlobal
