
Microsoft Visual Studio Solution File, Format Version 11.00
# Visual Studio 2010
Project("{8BC9CEB8-8B4A-11D0-8D11-00A0C91BC942}") = "libCocosDenshion", "CocosDenshion\proj.win32\CocosDenshion.vcxproj", "{F8EDD7FA-9A51-4E80-BAEB-860825D2EAC6}"
	ProjectSection(ProjectDependencies) = postProject
		{98A51BA8-FC3A-415B-AC8F-8C7BD464E93E} = {98A51BA8-FC3A-415B-AC8F-8C7BD464E93E}
	EndProjectSection
EndProject
Project("{8BC9CEB8-8B4A-11D0-8D11-00A0C91BC942}") = "libcocos2d", "cocos2dx\proj.win32\cocos2d.vcxproj", "{98A51BA8-FC3A-415B-AC8F-8C7BD464E93E}"
EndProject
Project("{8BC9CEB8-8B4A-11D0-8D11-00A0C91BC942}") = "liblua", "scripting\lua\proj.win32\liblua.vcxproj", "{DDC3E27F-004D-4DD4-9DD3-931A013D2159}"
	ProjectSection(ProjectDependencies) = postProject
		{98A51BA8-FC3A-415B-AC8F-8C7BD464E93E} = {98A51BA8-FC3A-415B-AC8F-8C7BD464E93E}
		{F8EDD7FA-9A51-4E80-BAEB-860825D2EAC6} = {F8EDD7FA-9A51-4E80-BAEB-860825D2EAC6}
	EndProjectSection
EndProject
Project("{8BC9CEB8-8B4A-11D0-8D11-00A0C91BC942}") = "ScutSystem", "ScutSystem\ScutSystem.vcxproj", "{E06FAAB2-CCB4-45D4-BB9E-FADDA4D1C540}"
EndProject
Project("{8BC9CEB8-8B4A-11D0-8D11-00A0C91BC942}") = "ScutUtility", "ScutUtility\ScutUtility.vcxproj", "{277F39FF-ABE9-4E7B-8D7F-46425A5F5974}"
EndProject
Project("{8BC9CEB8-8B4A-11D0-8D11-00A0C91BC942}") = "ScutDataLogic", "ScutDataLogic\ScutDataLogic.vcxproj", "{B1B4C9DF-FB10-43E2-9CB8-7F3E3B72CFF7}"
EndProject
Project("{8BC9CEB8-8B4A-11D0-8D11-00A0C91BC942}") = "ScutNetwork", "ScutNetwork\ScutNetwork.vcxproj", "{F033854B-2409-4F6D-841B-7A617E2D3FEB}"
EndProject
Project("{8BC9CEB8-8B4A-11D0-8D11-00A0C91BC942}") = "MainApp", "samples\Lua\HelloLua\proj.win32\MainApp.vcxproj", "{13E55395-94A2-4CD9-BFC2-1A051F80C17D}"
	ProjectSection(ProjectDependencies) = postProject
		{F033854B-2409-4F6D-841B-7A617E2D3FEB} = {F033854B-2409-4F6D-841B-7A617E2D3FEB}
		{E06FAAB2-CCB4-45D4-BB9E-FADDA4D1C540} = {E06FAAB2-CCB4-45D4-BB9E-FADDA4D1C540}
		{1261C6C6-93A7-4234-B269-84B85784F8A7} = {1261C6C6-93A7-4234-B269-84B85784F8A7}
		{B1B4C9DF-FB10-43E2-9CB8-7F3E3B72CFF7} = {B1B4C9DF-FB10-43E2-9CB8-7F3E3B72CFF7}
		{277F39FF-ABE9-4E7B-8D7F-46425A5F5974} = {277F39FF-ABE9-4E7B-8D7F-46425A5F5974}
	EndProjectSection
EndProject
Project("{8BC9CEB8-8B4A-11D0-8D11-00A0C91BC942}") = "ScutAnimation", "ScutAnimation\ScutAnimation.vcxproj", "{1261C6C6-93A7-4234-B269-84B85784F8A7}"
EndProject
Global
	GlobalSection(SolutionConfigurationPlatforms) = preSolution
		Debug|Win32 = Debug|Win32
		Release|Win32 = Release|Win32
		Template|Win32 = Template|Win32
		uPhone_Debug|Win32 = uPhone_Debug|Win32
		Win32_Debug|Win32 = Win32_Debug|Win32
	EndGlobalSection
	GlobalSection(ProjectConfigurationPlatforms) = postSolution
		{F8EDD7FA-9A51-4E80-BAEB-860825D2EAC6}.Debug|Win32.ActiveCfg = Debug|Win32
		{F8EDD7FA-9A51-4E80-BAEB-860825D2EAC6}.Debug|Win32.Build.0 = Debug|Win32
		{F8EDD7FA-9A51-4E80-BAEB-860825D2EAC6}.Release|Win32.ActiveCfg = Release|Win32
		{F8EDD7FA-9A51-4E80-BAEB-860825D2EAC6}.Release|Win32.Build.0 = Release|Win32
		{F8EDD7FA-9A51-4E80-BAEB-860825D2EAC6}.Template|Win32.ActiveCfg = Release|Win32
		{F8EDD7FA-9A51-4E80-BAEB-860825D2EAC6}.Template|Win32.Build.0 = Release|Win32
		{F8EDD7FA-9A51-4E80-BAEB-860825D2EAC6}.uPhone_Debug|Win32.ActiveCfg = Debug|Win32
		{F8EDD7FA-9A51-4E80-BAEB-860825D2EAC6}.uPhone_Debug|Win32.Build.0 = Debug|Win32
		{F8EDD7FA-9A51-4E80-BAEB-860825D2EAC6}.Win32_Debug|Win32.ActiveCfg = Debug|Win32
		{F8EDD7FA-9A51-4E80-BAEB-860825D2EAC6}.Win32_Debug|Win32.Build.0 = Debug|Win32
		{98A51BA8-FC3A-415B-AC8F-8C7BD464E93E}.Debug|Win32.ActiveCfg = Debug|Win32
		{98A51BA8-FC3A-415B-AC8F-8C7BD464E93E}.Debug|Win32.Build.0 = Debug|Win32
		{98A51BA8-FC3A-415B-AC8F-8C7BD464E93E}.Release|Win32.ActiveCfg = Release|Win32
		{98A51BA8-FC3A-415B-AC8F-8C7BD464E93E}.Release|Win32.Build.0 = Release|Win32
		{98A51BA8-FC3A-415B-AC8F-8C7BD464E93E}.Template|Win32.ActiveCfg = Release|Win32
		{98A51BA8-FC3A-415B-AC8F-8C7BD464E93E}.Template|Win32.Build.0 = Release|Win32
		{98A51BA8-FC3A-415B-AC8F-8C7BD464E93E}.uPhone_Debug|Win32.ActiveCfg = Debug|Win32
		{98A51BA8-FC3A-415B-AC8F-8C7BD464E93E}.uPhone_Debug|Win32.Build.0 = Debug|Win32
		{98A51BA8-FC3A-415B-AC8F-8C7BD464E93E}.Win32_Debug|Win32.ActiveCfg = Debug|Win32
		{98A51BA8-FC3A-415B-AC8F-8C7BD464E93E}.Win32_Debug|Win32.Build.0 = Debug|Win32
		{DDC3E27F-004D-4DD4-9DD3-931A013D2159}.Debug|Win32.ActiveCfg = Debug|Win32
		{DDC3E27F-004D-4DD4-9DD3-931A013D2159}.Debug|Win32.Build.0 = Debug|Win32
		{DDC3E27F-004D-4DD4-9DD3-931A013D2159}.Release|Win32.ActiveCfg = Release|Win32
		{DDC3E27F-004D-4DD4-9DD3-931A013D2159}.Release|Win32.Build.0 = Release|Win32
		{DDC3E27F-004D-4DD4-9DD3-931A013D2159}.Template|Win32.ActiveCfg = Release|Win32
		{DDC3E27F-004D-4DD4-9DD3-931A013D2159}.Template|Win32.Build.0 = Release|Win32
		{DDC3E27F-004D-4DD4-9DD3-931A013D2159}.uPhone_Debug|Win32.ActiveCfg = Debug|Win32
		{DDC3E27F-004D-4DD4-9DD3-931A013D2159}.uPhone_Debug|Win32.Build.0 = Debug|Win32
		{DDC3E27F-004D-4DD4-9DD3-931A013D2159}.Win32_Debug|Win32.ActiveCfg = Debug|Win32
		{DDC3E27F-004D-4DD4-9DD3-931A013D2159}.Win32_Debug|Win32.Build.0 = Debug|Win32
		{E06FAAB2-CCB4-45D4-BB9E-FADDA4D1C540}.Debug|Win32.ActiveCfg = Debug|Win32
		{E06FAAB2-CCB4-45D4-BB9E-FADDA4D1C540}.Debug|Win32.Build.0 = Debug|Win32
		{E06FAAB2-CCB4-45D4-BB9E-FADDA4D1C540}.Release|Win32.ActiveCfg = Release|Win32
		{E06FAAB2-CCB4-45D4-BB9E-FADDA4D1C540}.Release|Win32.Build.0 = Release|Win32
		{E06FAAB2-CCB4-45D4-BB9E-FADDA4D1C540}.Template|Win32.ActiveCfg = uPhone_Debug|Win32
		{E06FAAB2-CCB4-45D4-BB9E-FADDA4D1C540}.Template|Win32.Build.0 = uPhone_Debug|Win32
		{E06FAAB2-CCB4-45D4-BB9E-FADDA4D1C540}.uPhone_Debug|Win32.ActiveCfg = uPhone_Debug|Win32
		{E06FAAB2-CCB4-45D4-BB9E-FADDA4D1C540}.uPhone_Debug|Win32.Build.0 = uPhone_Debug|Win32
		{E06FAAB2-CCB4-45D4-BB9E-FADDA4D1C540}.Win32_Debug|Win32.ActiveCfg = Debug|Win32
		{E06FAAB2-CCB4-45D4-BB9E-FADDA4D1C540}.Win32_Debug|Win32.Build.0 = Debug|Win32
		{277F39FF-ABE9-4E7B-8D7F-46425A5F5974}.Debug|Win32.ActiveCfg = Debug|Win32
		{277F39FF-ABE9-4E7B-8D7F-46425A5F5974}.Debug|Win32.Build.0 = Debug|Win32
		{277F39FF-ABE9-4E7B-8D7F-46425A5F5974}.Release|Win32.ActiveCfg = Release|Win32
		{277F39FF-ABE9-4E7B-8D7F-46425A5F5974}.Release|Win32.Build.0 = Release|Win32
		{277F39FF-ABE9-4E7B-8D7F-46425A5F5974}.Template|Win32.ActiveCfg = Release|Win32
		{277F39FF-ABE9-4E7B-8D7F-46425A5F5974}.Template|Win32.Build.0 = Release|Win32
		{277F39FF-ABE9-4E7B-8D7F-46425A5F5974}.uPhone_Debug|Win32.ActiveCfg = Debug|Win32
		{277F39FF-ABE9-4E7B-8D7F-46425A5F5974}.uPhone_Debug|Win32.Build.0 = Debug|Win32
		{277F39FF-ABE9-4E7B-8D7F-46425A5F5974}.Win32_Debug|Win32.ActiveCfg = Debug|Win32
		{277F39FF-ABE9-4E7B-8D7F-46425A5F5974}.Win32_Debug|Win32.Build.0 = Debug|Win32
		{B1B4C9DF-FB10-43E2-9CB8-7F3E3B72CFF7}.Debug|Win32.ActiveCfg = Debug|Win32
		{B1B4C9DF-FB10-43E2-9CB8-7F3E3B72CFF7}.Debug|Win32.Build.0 = Debug|Win32
		{B1B4C9DF-FB10-43E2-9CB8-7F3E3B72CFF7}.Release|Win32.ActiveCfg = Release|Win32
		{B1B4C9DF-FB10-43E2-9CB8-7F3E3B72CFF7}.Release|Win32.Build.0 = Release|Win32
		{B1B4C9DF-FB10-43E2-9CB8-7F3E3B72CFF7}.Template|Win32.ActiveCfg = Win32_Debug|Win32
		{B1B4C9DF-FB10-43E2-9CB8-7F3E3B72CFF7}.Template|Win32.Build.0 = Win32_Debug|Win32
		{B1B4C9DF-FB10-43E2-9CB8-7F3E3B72CFF7}.uPhone_Debug|Win32.ActiveCfg = Debug|Win32
		{B1B4C9DF-FB10-43E2-9CB8-7F3E3B72CFF7}.uPhone_Debug|Win32.Build.0 = Debug|Win32
		{B1B4C9DF-FB10-43E2-9CB8-7F3E3B72CFF7}.Win32_Debug|Win32.ActiveCfg = Win32_Debug|Win32
		{B1B4C9DF-FB10-43E2-9CB8-7F3E3B72CFF7}.Win32_Debug|Win32.Build.0 = Win32_Debug|Win32
		{F033854B-2409-4F6D-841B-7A617E2D3FEB}.Debug|Win32.ActiveCfg = Debug|Win32
		{F033854B-2409-4F6D-841B-7A617E2D3FEB}.Debug|Win32.Build.0 = Debug|Win32
		{F033854B-2409-4F6D-841B-7A617E2D3FEB}.Release|Win32.ActiveCfg = Release|Win32
		{F033854B-2409-4F6D-841B-7A617E2D3FEB}.Release|Win32.Build.0 = Release|Win32
		{F033854B-2409-4F6D-841B-7A617E2D3FEB}.Template|Win32.ActiveCfg = uPhone_Debug|Win32
		{F033854B-2409-4F6D-841B-7A617E2D3FEB}.Template|Win32.Build.0 = uPhone_Debug|Win32
		{F033854B-2409-4F6D-841B-7A617E2D3FEB}.uPhone_Debug|Win32.ActiveCfg = uPhone_Debug|Win32
		{F033854B-2409-4F6D-841B-7A617E2D3FEB}.uPhone_Debug|Win32.Build.0 = uPhone_Debug|Win32
		{F033854B-2409-4F6D-841B-7A617E2D3FEB}.Win32_Debug|Win32.ActiveCfg = Debug|Win32
		{F033854B-2409-4F6D-841B-7A617E2D3FEB}.Win32_Debug|Win32.Build.0 = Debug|Win32
		{13E55395-94A2-4CD9-BFC2-1A051F80C17D}.Debug|Win32.ActiveCfg = Debug|Win32
		{13E55395-94A2-4CD9-BFC2-1A051F80C17D}.Debug|Win32.Build.0 = Debug|Win32
		{13E55395-94A2-4CD9-BFC2-1A051F80C17D}.Release|Win32.ActiveCfg = Release|Win32
		{13E55395-94A2-4CD9-BFC2-1A051F80C17D}.Release|Win32.Build.0 = Release|Win32
		{13E55395-94A2-4CD9-BFC2-1A051F80C17D}.Template|Win32.ActiveCfg = Release|Win32
		{13E55395-94A2-4CD9-BFC2-1A051F80C17D}.Template|Win32.Build.0 = Release|Win32
		{13E55395-94A2-4CD9-BFC2-1A051F80C17D}.uPhone_Debug|Win32.ActiveCfg = Debug|Win32
		{13E55395-94A2-4CD9-BFC2-1A051F80C17D}.uPhone_Debug|Win32.Build.0 = Debug|Win32
		{13E55395-94A2-4CD9-BFC2-1A051F80C17D}.Win32_Debug|Win32.ActiveCfg = Debug|Win32
		{13E55395-94A2-4CD9-BFC2-1A051F80C17D}.Win32_Debug|Win32.Build.0 = Debug|Win32
		{1261C6C6-93A7-4234-B269-84B85784F8A7}.Debug|Win32.ActiveCfg = Debug|Win32
		{1261C6C6-93A7-4234-B269-84B85784F8A7}.Debug|Win32.Build.0 = Debug|Win32
		{1261C6C6-93A7-4234-B269-84B85784F8A7}.Release|Win32.ActiveCfg = Release|Win32
		{1261C6C6-93A7-4234-B269-84B85784F8A7}.Release|Win32.Build.0 = Release|Win32
		{1261C6C6-93A7-4234-B269-84B85784F8A7}.Template|Win32.ActiveCfg = Release|Win32
		{1261C6C6-93A7-4234-B269-84B85784F8A7}.Template|Win32.Build.0 = Release|Win32
		{1261C6C6-93A7-4234-B269-84B85784F8A7}.uPhone_Debug|Win32.ActiveCfg = Debug|Win32
		{1261C6C6-93A7-4234-B269-84B85784F8A7}.uPhone_Debug|Win32.Build.0 = Debug|Win32
		{1261C6C6-93A7-4234-B269-84B85784F8A7}.Win32_Debug|Win32.ActiveCfg = Debug|Win32
		{1261C6C6-93A7-4234-B269-84B85784F8A7}.Win32_Debug|Win32.Build.0 = Debug|Win32
	EndGlobalSection
	GlobalSection(SolutionProperties) = preSolution
		HideSolutionNode = FALSE
	EndGlobalSection
	GlobalSection(DPCodeReviewSolutionGUID) = preSolution
		DPCodeReviewSolutionGUID = {00000000-0000-0000-0000-000000000000}
	EndGlobalSection
EndGlobal
