
Microsoft Visual Studio Solution File, Format Version 10.00
# Visual Studio 2008
Project("{FAE04EC0-301F-11D3-BF4B-00C04F79EFBC}") = "BLL", "BLL\BLL.csproj", "{23033BD6-6888-4E71-B688-CB197A689635}"
EndProject
Project("{FAE04EC0-301F-11D3-BF4B-00C04F79EFBC}") = "DAL", "DAL\DAL.csproj", "{87C47296-1C19-4E40-9F60-A907A1D26954}"
EndProject
Project("{FAE04EC0-301F-11D3-BF4B-00C04F79EFBC}") = "Model", "model\Model.csproj", "{C495B70E-922F-438E-98DC-318311A3C499}"
EndProject
Project("{FAE04EC0-301F-11D3-BF4B-00C04F79EFBC}") = "ContractTools", "ContractTools\ContractTools.csproj", "{2881EE42-B058-46A2-A495-77A3AD6BE8FF}"
EndProject
Global
	GlobalSection(SolutionConfigurationPlatforms) = preSolution
		Debug|Any CPU = Debug|Any CPU
		Release|Any CPU = Release|Any CPU
	EndGlobalSection
	GlobalSection(ProjectConfigurationPlatforms) = postSolution
		{23033BD6-6888-4E71-B688-CB197A689635}.Debug|Any CPU.ActiveCfg = Debug|Any CPU
		{23033BD6-6888-4E71-B688-CB197A689635}.Debug|Any CPU.Build.0 = Debug|Any CPU
		{23033BD6-6888-4E71-B688-CB197A689635}.Release|Any CPU.ActiveCfg = Release|Any CPU
		{23033BD6-6888-4E71-B688-CB197A689635}.Release|Any CPU.Build.0 = Release|Any CPU
		{87C47296-1C19-4E40-9F60-A907A1D26954}.Debug|Any CPU.ActiveCfg = Debug|Any CPU
		{87C47296-1C19-4E40-9F60-A907A1D26954}.Debug|Any CPU.Build.0 = Debug|Any CPU
		{87C47296-1C19-4E40-9F60-A907A1D26954}.Release|Any CPU.ActiveCfg = Release|Any CPU
		{87C47296-1C19-4E40-9F60-A907A1D26954}.Release|Any CPU.Build.0 = Release|Any CPU
		{C495B70E-922F-438E-98DC-318311A3C499}.Debug|Any CPU.ActiveCfg = Debug|Any CPU
		{C495B70E-922F-438E-98DC-318311A3C499}.Debug|Any CPU.Build.0 = Debug|Any CPU
		{C495B70E-922F-438E-98DC-318311A3C499}.Release|Any CPU.ActiveCfg = Release|Any CPU
		{C495B70E-922F-438E-98DC-318311A3C499}.Release|Any CPU.Build.0 = Release|Any CPU
		{2881EE42-B058-46A2-A495-77A3AD6BE8FF}.Debug|Any CPU.ActiveCfg = Debug|Any CPU
		{2881EE42-B058-46A2-A495-77A3AD6BE8FF}.Debug|Any CPU.Build.0 = Debug|Any CPU
		{2881EE42-B058-46A2-A495-77A3AD6BE8FF}.Release|Any CPU.ActiveCfg = Release|Any CPU
		{2881EE42-B058-46A2-A495-77A3AD6BE8FF}.Release|Any CPU.Build.0 = Release|Any CPU
	EndGlobalSection
	GlobalSection(SolutionProperties) = preSolution
		HideSolutionNode = FALSE
	EndGlobalSection
EndGlobal
