
Microsoft Visual Studio Solution File, Format Version 10.00
# Visual Studio 2008
Project("{FAE04EC0-301F-11D3-BF4B-00C04F79EFBC}") = "DirCenter", "DirCenter\DirCenter.csproj", "{077F012E-EE6C-4585-ABAB-2F343B32CF49}"
EndProject
Project("{FAE04EC0-301F-11D3-BF4B-00C04F79EFBC}") = "ZyGames.Common", "ZyGames.Common\ZyGames.Common.csproj", "{C1188C38-0454-44E1-BFBE-D3FB3B2A0C56}"
EndProject
Global
	GlobalSection(SolutionConfigurationPlatforms) = preSolution
		Debug|Any CPU = Debug|Any CPU
		Release|Any CPU = Release|Any CPU
	EndGlobalSection
	GlobalSection(ProjectConfigurationPlatforms) = postSolution
		{077F012E-EE6C-4585-ABAB-2F343B32CF49}.Debug|Any CPU.ActiveCfg = Debug|Any CPU
		{077F012E-EE6C-4585-ABAB-2F343B32CF49}.Debug|Any CPU.Build.0 = Debug|Any CPU
		{077F012E-EE6C-4585-ABAB-2F343B32CF49}.Release|Any CPU.ActiveCfg = Release|Any CPU
		{077F012E-EE6C-4585-ABAB-2F343B32CF49}.Release|Any CPU.Build.0 = Release|Any CPU
		{C1188C38-0454-44E1-BFBE-D3FB3B2A0C56}.Debug|Any CPU.ActiveCfg = Debug|Any CPU
		{C1188C38-0454-44E1-BFBE-D3FB3B2A0C56}.Debug|Any CPU.Build.0 = Debug|Any CPU
		{C1188C38-0454-44E1-BFBE-D3FB3B2A0C56}.Release|Any CPU.ActiveCfg = Release|Any CPU
		{C1188C38-0454-44E1-BFBE-D3FB3B2A0C56}.Release|Any CPU.Build.0 = Release|Any CPU
	EndGlobalSection
	GlobalSection(SolutionProperties) = preSolution
		HideSolutionNode = FALSE
	EndGlobalSection
EndGlobal
